// !$*UTF8*$!
{
	archiveVersion = 1;
	classes = {
	};
	objectVersion = 46;
	objects = {

/* Begin PBXBuildFile section */
		3B52A0F5A6C879264D7B493A /* Pods.framework in Frameworks */ = {isa = PBXBuildFile; fileRef = FE983693D02536BD15189D7C /* Pods.framework */; };
		3CEB4CF31DCC52C000607F10 /* playlist.png in Resources */ = {isa = PBXBuildFile; fileRef = 3CEB4CF01DCC52C000607F10 /* playlist.png */; };
		3CEB4CF41DCC52C000607F10 /* playlist@2x.png in Resources */ = {isa = PBXBuildFile; fileRef = 3CEB4CF11DCC52C000607F10 /* playlist@2x.png */; };
		3CEB4CF51DCC52C000607F10 /* playlist@3x.png in Resources */ = {isa = PBXBuildFile; fileRef = 3CEB4CF21DCC52C000607F10 /* playlist@3x.png */; };
		3CEB4CF91DCC53C400607F10 /* shopping_cart.png in Resources */ = {isa = PBXBuildFile; fileRef = 3CEB4CF61DCC53C400607F10 /* shopping_cart.png */; };
		3CEB4CFA1DCC53C400607F10 /* shopping_cart@2x.png in Resources */ = {isa = PBXBuildFile; fileRef = 3CEB4CF71DCC53C400607F10 /* shopping_cart@2x.png */; };
		3CEB4CFB1DCC53C400607F10 /* shopping_cart@3x.png in Resources */ = {isa = PBXBuildFile; fileRef = 3CEB4CF81DCC53C400607F10 /* shopping_cart@3x.png */; };
		3CEB4CFF1DCC544500607F10 /* filter.png in Resources */ = {isa = PBXBuildFile; fileRef = 3CEB4CFC1DCC544500607F10 /* filter.png */; };
		3CEB4D001DCC544500607F10 /* filter@2x.png in Resources */ = {isa = PBXBuildFile; fileRef = 3CEB4CFD1DCC544500607F10 /* filter@2x.png */; };
		3CEB4D011DCC544500607F10 /* filter@3x.png in Resources */ = {isa = PBXBuildFile; fileRef = 3CEB4CFE1DCC544500607F10 /* filter@3x.png */; };
		3CEB4D051DCC56EE00607F10 /* share.png in Resources */ = {isa = PBXBuildFile; fileRef = 3CEB4D021DCC56EE00607F10 /* share.png */; };
		3CEB4D061DCC56EE00607F10 /* share@2x.png in Resources */ = {isa = PBXBuildFile; fileRef = 3CEB4D031DCC56EE00607F10 /* share@2x.png */; };
		3CEB4D071DCC56EE00607F10 /* share@3x.png in Resources */ = {isa = PBXBuildFile; fileRef = 3CEB4D041DCC56EE00607F10 /* share@3x.png */; };
		3CEB4D0B1DCC579400607F10 /* home.png in Resources */ = {isa = PBXBuildFile; fileRef = 3CEB4D081DCC579400607F10 /* home.png */; };
		3CEB4D0C1DCC579400607F10 /* home@2x.png in Resources */ = {isa = PBXBuildFile; fileRef = 3CEB4D091DCC579400607F10 /* home@2x.png */; };
		3CEB4D0D1DCC579400607F10 /* home@3x.png in Resources */ = {isa = PBXBuildFile; fileRef = 3CEB4D0A1DCC579400607F10 /* home@3x.png */; };
		3CEB4D111DCC584B00607F10 /* cell_options_oval.png in Resources */ = {isa = PBXBuildFile; fileRef = 3CEB4D0E1DCC584B00607F10 /* cell_options_oval.png */; };
		3CEB4D121DCC584B00607F10 /* cell_options_oval@2x.png in Resources */ = {isa = PBXBuildFile; fileRef = 3CEB4D0F1DCC584B00607F10 /* cell_options_oval@2x.png */; };
		3CEB4D131DCC584B00607F10 /* cell_options_oval@3x.png in Resources */ = {isa = PBXBuildFile; fileRef = 3CEB4D101DCC584B00607F10 /* cell_options_oval@3x.png */; };
		3CEB4D171DCC598900607F10 /* video_play.png in Resources */ = {isa = PBXBuildFile; fileRef = 3CEB4D141DCC598900607F10 /* video_play.png */; };
		3CEB4D181DCC598900607F10 /* video_play@2x.png in Resources */ = {isa = PBXBuildFile; fileRef = 3CEB4D151DCC598900607F10 /* video_play@2x.png */; };
		3CEB4D191DCC598900607F10 /* video_play@3x.png in Resources */ = {isa = PBXBuildFile; fileRef = 3CEB4D161DCC598900607F10 /* video_play@3x.png */; };
		3CEB4D1D1DCC59F000607F10 /* cell_gear.png in Resources */ = {isa = PBXBuildFile; fileRef = 3CEB4D1A1DCC59F000607F10 /* cell_gear.png */; };
		3CEB4D1E1DCC59F000607F10 /* cell_gear@2x.png in Resources */ = {isa = PBXBuildFile; fileRef = 3CEB4D1B1DCC59F000607F10 /* cell_gear@2x.png */; };
		3CEB4D1F1DCC59F000607F10 /* cell_gear@3x.png in Resources */ = {isa = PBXBuildFile; fileRef = 3CEB4D1C1DCC59F000607F10 /* cell_gear@3x.png */; };
		3CEB4D291DCC5AC600607F10 /* minus_btn.png in Resources */ = {isa = PBXBuildFile; fileRef = 3CEB4D261DCC5AC600607F10 /* minus_btn.png */; };
		3CEB4D2A1DCC5AC600607F10 /* minus_btn@2x.png in Resources */ = {isa = PBXBuildFile; fileRef = 3CEB4D271DCC5AC600607F10 /* minus_btn@2x.png */; };
		3CEB4D2B1DCC5AC600607F10 /* minus_btn@3x.png in Resources */ = {isa = PBXBuildFile; fileRef = 3CEB4D281DCC5AC600607F10 /* minus_btn@3x.png */; };
		3CEB4D2F1DCC5AEC00607F10 /* checkmark_btn.png in Resources */ = {isa = PBXBuildFile; fileRef = 3CEB4D2C1DCC5AEC00607F10 /* checkmark_btn.png */; };
		3CEB4D301DCC5AEC00607F10 /* checkmark_btn@2x.png in Resources */ = {isa = PBXBuildFile; fileRef = 3CEB4D2D1DCC5AEC00607F10 /* checkmark_btn@2x.png */; };
		3CEB4D311DCC5AEC00607F10 /* checkmark_btn@3x.png in Resources */ = {isa = PBXBuildFile; fileRef = 3CEB4D2E1DCC5AEC00607F10 /* checkmark_btn@3x.png */; };
		3CEB4D351DCC5BB400607F10 /* show_btn.png in Resources */ = {isa = PBXBuildFile; fileRef = 3CEB4D321DCC5BB400607F10 /* show_btn.png */; };
		3CEB4D361DCC5BB400607F10 /* show_btn@2x.png in Resources */ = {isa = PBXBuildFile; fileRef = 3CEB4D331DCC5BB400607F10 /* show_btn@2x.png */; };
		3CEB4D371DCC5BB400607F10 /* show_btn@3x.png in Resources */ = {isa = PBXBuildFile; fileRef = 3CEB4D341DCC5BB400607F10 /* show_btn@3x.png */; };
		3CEB4D3B1DCC5BFD00607F10 /* back_btn.png in Resources */ = {isa = PBXBuildFile; fileRef = 3CEB4D381DCC5BFD00607F10 /* back_btn.png */; };
		3CEB4D3C1DCC5BFD00607F10 /* back_btn@2x.png in Resources */ = {isa = PBXBuildFile; fileRef = 3CEB4D391DCC5BFD00607F10 /* back_btn@2x.png */; };
		3CEB4D3D1DCC5BFD00607F10 /* back_btn@3x.png in Resources */ = {isa = PBXBuildFile; fileRef = 3CEB4D3A1DCC5BFD00607F10 /* back_btn@3x.png */; };
		3CEB4D411DCC5C4200607F10 /* plus_btn.png in Resources */ = {isa = PBXBuildFile; fileRef = 3CEB4D3E1DCC5C4200607F10 /* plus_btn.png */; };
		3CEB4D421DCC5C4200607F10 /* plus_btn@2x.png in Resources */ = {isa = PBXBuildFile; fileRef = 3CEB4D3F1DCC5C4200607F10 /* plus_btn@2x.png */; };
		3CEB4D431DCC5C4200607F10 /* plus_btn@3x.png in Resources */ = {isa = PBXBuildFile; fileRef = 3CEB4D401DCC5C4200607F10 /* plus_btn@3x.png */; };
		5B0A22041CA83A1100F3CA08 /* Default-568h@2x~iphone.png in Resources */ = {isa = PBXBuildFile; fileRef = 5B0A22001CA83A1100F3CA08 /* Default-568h@2x~iphone.png */; };
		5B0A22051CA83A1100F3CA08 /* Default-667h@2x~iphone.png in Resources */ = {isa = PBXBuildFile; fileRef = 5B0A22011CA83A1100F3CA08 /* Default-667h@2x~iphone.png */; };
		5B0A22061CA83A1100F3CA08 /* Default-736h@3x~iphone.png in Resources */ = {isa = PBXBuildFile; fileRef = 5B0A22021CA83A1100F3CA08 /* Default-736h@3x~iphone.png */; };
		5B0A22071CA83A1100F3CA08 /* Default@2x~iphone.png in Resources */ = {isa = PBXBuildFile; fileRef = 5B0A22031CA83A1100F3CA08 /* Default@2x~iphone.png */; };
		5B2C5E091D3E89F800D3BD35 /* bitmap.png in Resources */ = {isa = PBXBuildFile; fileRef = 5B2C5DF11D3E89F800D3BD35 /* bitmap.png */; };
		5B2C5E0A1D3E89F800D3BD35 /* bitmap@2x.png in Resources */ = {isa = PBXBuildFile; fileRef = 5B2C5DF21D3E89F800D3BD35 /* bitmap@2x.png */; };
		5B2C5E0B1D3E89F800D3BD35 /* bitmap@3x.png in Resources */ = {isa = PBXBuildFile; fileRef = 5B2C5DF31D3E89F800D3BD35 /* bitmap@3x.png */; };
		5B2C5E0C1D3E89F800D3BD35 /* favoritesStar.png in Resources */ = {isa = PBXBuildFile; fileRef = 5B2C5DF41D3E89F800D3BD35 /* favoritesStar.png */; };
		5B2C5E0D1D3E89F800D3BD35 /* favoritesStar@2x.png in Resources */ = {isa = PBXBuildFile; fileRef = 5B2C5DF51D3E89F800D3BD35 /* favoritesStar@2x.png */; };
		5B2C5E0E1D3E89F800D3BD35 /* favoritesStar@3x.png in Resources */ = {isa = PBXBuildFile; fileRef = 5B2C5DF61D3E89F800D3BD35 /* favoritesStar@3x.png */; };
		5B2C5E0F1D3E89F800D3BD35 /* back.png in Resources */ = {isa = PBXBuildFile; fileRef = 5B2C5DF71D3E89F800D3BD35 /* back.png */; };
		5B2C5E101D3E89F800D3BD35 /* back@2x.png in Resources */ = {isa = PBXBuildFile; fileRef = 5B2C5DF81D3E89F800D3BD35 /* back@2x.png */; };
		5B2C5E111D3E89F800D3BD35 /* back@3x.png in Resources */ = {isa = PBXBuildFile; fileRef = 5B2C5DF91D3E89F800D3BD35 /* back@3x.png */; };
		5B2C5E471D3E8B5D00D3BD35 /* blackboardTexture.png in Resources */ = {isa = PBXBuildFile; fileRef = 5B2C5E411D3E8B5D00D3BD35 /* blackboardTexture.png */; };
		5B2C5E481D3E8B5D00D3BD35 /* blackboardTexture@2x.png in Resources */ = {isa = PBXBuildFile; fileRef = 5B2C5E421D3E8B5D00D3BD35 /* blackboardTexture@2x.png */; };
		5B2C5E491D3E8B5D00D3BD35 /* blackboardTexture@3x.png in Resources */ = {isa = PBXBuildFile; fileRef = 5B2C5E431D3E8B5D00D3BD35 /* blackboardTexture@3x.png */; };
		5B2C5E4A1D3E8B5D00D3BD35 /* page1.png in Resources */ = {isa = PBXBuildFile; fileRef = 5B2C5E441D3E8B5D00D3BD35 /* page1.png */; };
		5B2C5E4B1D3E8B5D00D3BD35 /* page1@2x.png in Resources */ = {isa = PBXBuildFile; fileRef = 5B2C5E451D3E8B5D00D3BD35 /* page1@2x.png */; };
		5B2C5E4C1D3E8B5D00D3BD35 /* page1@3x.png in Resources */ = {isa = PBXBuildFile; fileRef = 5B2C5E461D3E8B5D00D3BD35 /* page1@3x.png */; };
		5B2C5E791D3E8B9C00D3BD35 /* menu.png in Resources */ = {isa = PBXBuildFile; fileRef = 5B2C5E6D1D3E8B9C00D3BD35 /* menu.png */; };
		5B2C5E7A1D3E8B9C00D3BD35 /* menu@2x.png in Resources */ = {isa = PBXBuildFile; fileRef = 5B2C5E6E1D3E8B9C00D3BD35 /* menu@2x.png */; };
		5B2C5E7B1D3E8B9C00D3BD35 /* menu@3x.png in Resources */ = {isa = PBXBuildFile; fileRef = 5B2C5E6F1D3E8B9C00D3BD35 /* menu@3x.png */; };
		5B2C5E7C1D3E8B9C00D3BD35 /* master_study.png in Resources */ = {isa = PBXBuildFile; fileRef = 5B2C5E701D3E8B9C00D3BD35 /* master_study.png */; };
		5B2C5E7D1D3E8B9C00D3BD35 /* master_study@2x.png in Resources */ = {isa = PBXBuildFile; fileRef = 5B2C5E711D3E8B9C00D3BD35 /* master_study@2x.png */; };
		5B2C5E7E1D3E8B9C00D3BD35 /* master_study@3x.png in Resources */ = {isa = PBXBuildFile; fileRef = 5B2C5E721D3E8B9C00D3BD35 /* master_study@3x.png */; };
		5B2C5E7F1D3E8B9C00D3BD35 /* search.png in Resources */ = {isa = PBXBuildFile; fileRef = 5B2C5E731D3E8B9C00D3BD35 /* search.png */; };
		5B2C5E801D3E8B9C00D3BD35 /* search@2x.png in Resources */ = {isa = PBXBuildFile; fileRef = 5B2C5E741D3E8B9C00D3BD35 /* search@2x.png */; };
		5B2C5E811D3E8B9C00D3BD35 /* search@3x.png in Resources */ = {isa = PBXBuildFile; fileRef = 5B2C5E751D3E8B9C00D3BD35 /* search@3x.png */; };
		5B2C5E821D3E8B9C00D3BD35 /* shutterstockGreen.png in Resources */ = {isa = PBXBuildFile; fileRef = 5B2C5E761D3E8B9C00D3BD35 /* shutterstockGreen.png */; };
		5B2C5E831D3E8B9C00D3BD35 /* shutterstockGreen@2x.png in Resources */ = {isa = PBXBuildFile; fileRef = 5B2C5E771D3E8B9C00D3BD35 /* shutterstockGreen@2x.png */; };
		5B2C5E841D3E8B9C00D3BD35 /* shutterstockGreen@3x.png in Resources */ = {isa = PBXBuildFile; fileRef = 5B2C5E781D3E8B9C00D3BD35 /* shutterstockGreen@3x.png */; };
		5B5A94241CE912C7004F1581 /* FlashCardController.swift in Sources */ = {isa = PBXBuildFile; fileRef = 5B5A94231CE912C7004F1581 /* FlashCardController.swift */; };
		5B5C27831CE90A5B00CACF37 /* words.json in Resources */ = {isa = PBXBuildFile; fileRef = 5B5C27821CE90A5B00CACF37 /* words.json */; };
		5B674D9B1CDF235200980E60 /* MasterPlaylistDetailController.swift in Sources */ = {isa = PBXBuildFile; fileRef = 5B674D9A1CDF235200980E60 /* MasterPlaylistDetailController.swift */; };
		5B689C8F1CF28BEE0066D726 /* PlaylistController.swift in Sources */ = {isa = PBXBuildFile; fileRef = 5B689C8E1CF28BEE0066D726 /* PlaylistController.swift */; };
		5B689C911CF292E60066D726 /* PlaylistDetailController.swift in Sources */ = {isa = PBXBuildFile; fileRef = 5B689C901CF292E60066D726 /* PlaylistDetailController.swift */; };
		5B8A25EC1CBC081000AFEAF8 /* LeftViewController.swift in Sources */ = {isa = PBXBuildFile; fileRef = 5B8A25EB1CBC081000AFEAF8 /* LeftViewController.swift */; };
		5B946C7D1D8CFAD0004D8A95 /* Speaker.png in Resources */ = {isa = PBXBuildFile; fileRef = 5B946C7A1D8CFAD0004D8A95 /* Speaker.png */; };
		5B946C7E1D8CFAD0004D8A95 /* Speaker@2x.png in Resources */ = {isa = PBXBuildFile; fileRef = 5B946C7B1D8CFAD0004D8A95 /* Speaker@2x.png */; };
		5B946C7F1D8CFAD0004D8A95 /* Speaker@3x.png in Resources */ = {isa = PBXBuildFile; fileRef = 5B946C7C1D8CFAD0004D8A95 /* Speaker@3x.png */; };
		5B946C841D8CFF57004D8A95 /* Vocabulary_detail_background.png in Resources */ = {isa = PBXBuildFile; fileRef = 5B946C811D8CFF57004D8A95 /* Vocabulary_detail_background.png */; };
		5B946C851D8CFF57004D8A95 /* Vocabulary_detail_background@2x.png in Resources */ = {isa = PBXBuildFile; fileRef = 5B946C821D8CFF57004D8A95 /* Vocabulary_detail_background@2x.png */; };
		5B946C861D8CFF57004D8A95 /* Vocabulary_detail_background@3x.png in Resources */ = {isa = PBXBuildFile; fileRef = 5B946C831D8CFF57004D8A95 /* Vocabulary_detail_background@3x.png */; };
		5BA967B61C98CBEF00EDC126 /* AppDelegate.swift in Sources */ = {isa = PBXBuildFile; fileRef = 5BA967B51C98CBEE00EDC126 /* AppDelegate.swift */; };
		5BA967B81C98CBF600EDC126 /* VocabularyViewController.swift in Sources */ = {isa = PBXBuildFile; fileRef = 5BA967B71C98CBF600EDC126 /* VocabularyViewController.swift */; };
		5BA967BD1C98CBF800EDC126 /* Assets.xcassets in Resources */ = {isa = PBXBuildFile; fileRef = 5BA967BC1C98CBF800EDC126 /* Assets.xcassets */; };
		5BA967CB1C98CC0000EDC126 /* StiqueTests.swift in Sources */ = {isa = PBXBuildFile; fileRef = 5BA967CA1C98CC0000EDC126 /* StiqueTests.swift */; };
		5BA967D61C98CC0100EDC126 /* StiqueUITests.swift in Sources */ = {isa = PBXBuildFile; fileRef = 5BA967D51C98CC0100EDC126 /* StiqueUITests.swift */; };
		5BA967E41CA080B700EDC126 /* MainViewController.swift in Sources */ = {isa = PBXBuildFile; fileRef = 5BA967E31CA080B700EDC126 /* MainViewController.swift */; };
		5BA9680C1CA085BC00EDC126 /* beers.json in Resources */ = {isa = PBXBuildFile; fileRef = 5BA967E91CA085BB00EDC126 /* beers.json */; };
		5BA9680D1CA085BC00EDC126 /* crawl.rb in Resources */ = {isa = PBXBuildFile; fileRef = 5BA967EA1CA085BB00EDC126 /* crawl.rb */; };
		5BA9680E1CA085BC00EDC126 /* CheckoutCellView.swift in Sources */ = {isa = PBXBuildFile; fileRef = 5BA967EB1CA085BB00EDC126 /* CheckoutCellView.swift */; };
		5BA9682A1CA085BC00EDC126 /* FoldingView.swift in Sources */ = {isa = PBXBuildFile; fileRef = 5BA9680A1CA085BC00EDC126 /* FoldingView.swift */; };
		5BA9682B1CA085BC00EDC126 /* SingleItemController.swift in Sources */ = {isa = PBXBuildFile; fileRef = 5BA9680B1CA085BC00EDC126 /* SingleItemController.swift */; };
		5BBDCD391CDA8A1700CCFF08 /* gmat.png in Resources */ = {isa = PBXBuildFile; fileRef = 5BBDCD361CDA8A1700CCFF08 /* gmat.png */; };
		5BBDCD3A1CDA8A1700CCFF08 /* gre.png in Resources */ = {isa = PBXBuildFile; fileRef = 5BBDCD371CDA8A1700CCFF08 /* gre.png */; };
		5BBDCD3B1CDA8A1700CCFF08 /* lsat.png in Resources */ = {isa = PBXBuildFile; fileRef = 5BBDCD381CDA8A1700CCFF08 /* lsat.png */; };
		5BF7391E1CB9908C008C41BD /* AVKit.framework in Frameworks */ = {isa = PBXBuildFile; fileRef = 5BF7391D1CB9908C008C41BD /* AVKit.framework */; };
		5BF739201CB990C5008C41BD /* AVFoundation.framework in Frameworks */ = {isa = PBXBuildFile; fileRef = 5BF7391F1CB990C5008C41BD /* AVFoundation.framework */; };
		5BF739241CB9A12E008C41BD /* ShoppingController.swift in Sources */ = {isa = PBXBuildFile; fileRef = 5BF739231CB9A12E008C41BD /* ShoppingController.swift */; };
		5BF7392A1CB9A5F1008C41BD /* FilterController.swift in Sources */ = {isa = PBXBuildFile; fileRef = 5BF739291CB9A5F1008C41BD /* FilterController.swift */; };
		5BF7392C1CB9A628008C41BD /* BaseController.swift in Sources */ = {isa = PBXBuildFile; fileRef = 5BF7392B1CB9A628008C41BD /* BaseController.swift */; };
		B003C10A1DF17C560051C6A3 /* Storyboard.storyboard in Resources */ = {isa = PBXBuildFile; fileRef = B003C1091DF17C560051C6A3 /* Storyboard.storyboard */; };
		B012F4251DE2C680008FCA05 /* DataController.swift in Sources */ = {isa = PBXBuildFile; fileRef = B012F4241DE2C680008FCA05 /* DataController.swift */; };
		B012F4271DE6E618008FCA05 /* TabBarController.swift in Sources */ = {isa = PBXBuildFile; fileRef = B012F4261DE6E618008FCA05 /* TabBarController.swift */; };
		B012F42B1DE97595008FCA05 /* NavigationController.swift in Sources */ = {isa = PBXBuildFile; fileRef = B012F42A1DE97595008FCA05 /* NavigationController.swift */; };
		B01853951DF5333A00F10C0A /* PlaylistTableViewCell.swift in Sources */ = {isa = PBXBuildFile; fileRef = B01853941DF5333A00F10C0A /* PlaylistTableViewCell.swift */; };
		B01C5CE01DEFF7BF00307857 /* StiqueVideoPlayer.swift in Sources */ = {isa = PBXBuildFile; fileRef = B01C5CDF1DEFF7BF00307857 /* StiqueVideoPlayer.swift */; };
		B06EB5D81DEA31200023C271 /* credits_background@2x.png in Resources */ = {isa = PBXBuildFile; fileRef = B06EB5D51DEA31200023C271 /* credits_background@2x.png */; };
		B06EB5D91DEA31200023C271 /* credits_background@3x.png in Resources */ = {isa = PBXBuildFile; fileRef = B06EB5D61DEA31200023C271 /* credits_background@3x.png */; };
		B06EB5DA1DEA31200023C271 /* credits_background.png in Resources */ = {isa = PBXBuildFile; fileRef = B06EB5D71DEA31200023C271 /* credits_background.png */; };
		B099144E1DEA7A2D0028BAC9 /* cell_play@3x.png in Resources */ = {isa = PBXBuildFile; fileRef = B099144B1DEA7A2D0028BAC9 /* cell_play@3x.png */; };
		B099144F1DEA7A2D0028BAC9 /* cell_play@2x.png in Resources */ = {isa = PBXBuildFile; fileRef = B099144C1DEA7A2D0028BAC9 /* cell_play@2x.png */; };
		B09914501DEA7A2D0028BAC9 /* cell_play.png in Resources */ = {isa = PBXBuildFile; fileRef = B099144D1DEA7A2D0028BAC9 /* cell_play.png */; };
		B09914901DED4D4E0028BAC9 /* MainTableViewCell.swift in Sources */ = {isa = PBXBuildFile; fileRef = B099148F1DED4D4E0028BAC9 /* MainTableViewCell.swift */; };
		B0AC39A81DF2CD1300D591FC /* MasterStudyTableViewController.swift in Sources */ = {isa = PBXBuildFile; fileRef = B0AC39A71DF2CD1300D591FC /* MasterStudyTableViewController.swift */; };
		B0CBE3DA1DEA2F5900CCD254 /* credits@2x.png in Resources */ = {isa = PBXBuildFile; fileRef = B0CBE3D71DEA2F5900CCD254 /* credits@2x.png */; };
		B0CBE3DB1DEA2F5900CCD254 /* credits@3x.png in Resources */ = {isa = PBXBuildFile; fileRef = B0CBE3D81DEA2F5900CCD254 /* credits@3x.png */; };
		B0CBE3DC1DEA2F5900CCD254 /* credits.png in Resources */ = {isa = PBXBuildFile; fileRef = B0CBE3D91DEA2F5900CCD254 /* credits.png */; };
/* End PBXBuildFile section */

/* Begin PBXContainerItemProxy section */
		5BA967C71C98CBFF00EDC126 /* PBXContainerItemProxy */ = {
			isa = PBXContainerItemProxy;
			containerPortal = 5BA967AA1C98CBE100EDC126 /* Project object */;
			proxyType = 1;
			remoteGlobalIDString = 5BA967B11C98CBE700EDC126;
			remoteInfo = Stique;
		};
		5BA967D21C98CC0000EDC126 /* PBXContainerItemProxy */ = {
			isa = PBXContainerItemProxy;
			containerPortal = 5BA967AA1C98CBE100EDC126 /* Project object */;
			proxyType = 1;
			remoteGlobalIDString = 5BA967B11C98CBE700EDC126;
			remoteInfo = Stique;
		};
/* End PBXContainerItemProxy section */

/* Begin PBXCopyFilesBuildPhase section */
		5B0A22101CA84F8A00F3CA08 /* Embed Frameworks */ = {
			isa = PBXCopyFilesBuildPhase;
			buildActionMask = 2147483647;
			dstPath = "";
			dstSubfolderSpec = 10;
			files = (
			);
			name = "Embed Frameworks";
			runOnlyForDeploymentPostprocessing = 0;
		};
/* End PBXCopyFilesBuildPhase section */

/* Begin PBXFileReference section */
		0CC7030A217AEBB824BFDE92 /* Pods.release.xcconfig */ = {isa = PBXFileReference; includeInIndex = 1; lastKnownFileType = text.xcconfig; name = Pods.release.xcconfig; path = "Pods/Target Support Files/Pods/Pods.release.xcconfig"; sourceTree = "<group>"; };
		3CEB4CF01DCC52C000607F10 /* playlist.png */ = {isa = PBXFileReference; lastKnownFileType = image.png; path = playlist.png; sourceTree = "<group>"; };
		3CEB4CF11DCC52C000607F10 /* playlist@2x.png */ = {isa = PBXFileReference; lastKnownFileType = image.png; path = "playlist@2x.png"; sourceTree = "<group>"; };
		3CEB4CF21DCC52C000607F10 /* playlist@3x.png */ = {isa = PBXFileReference; lastKnownFileType = image.png; path = "playlist@3x.png"; sourceTree = "<group>"; };
		3CEB4CF61DCC53C400607F10 /* shopping_cart.png */ = {isa = PBXFileReference; lastKnownFileType = image.png; path = shopping_cart.png; sourceTree = "<group>"; };
		3CEB4CF71DCC53C400607F10 /* shopping_cart@2x.png */ = {isa = PBXFileReference; lastKnownFileType = image.png; path = "shopping_cart@2x.png"; sourceTree = "<group>"; };
		3CEB4CF81DCC53C400607F10 /* shopping_cart@3x.png */ = {isa = PBXFileReference; lastKnownFileType = image.png; path = "shopping_cart@3x.png"; sourceTree = "<group>"; };
		3CEB4CFC1DCC544500607F10 /* filter.png */ = {isa = PBXFileReference; lastKnownFileType = image.png; path = filter.png; sourceTree = "<group>"; };
		3CEB4CFD1DCC544500607F10 /* filter@2x.png */ = {isa = PBXFileReference; lastKnownFileType = image.png; path = "filter@2x.png"; sourceTree = "<group>"; };
		3CEB4CFE1DCC544500607F10 /* filter@3x.png */ = {isa = PBXFileReference; lastKnownFileType = image.png; path = "filter@3x.png"; sourceTree = "<group>"; };
		3CEB4D021DCC56EE00607F10 /* share.png */ = {isa = PBXFileReference; lastKnownFileType = image.png; path = share.png; sourceTree = "<group>"; };
		3CEB4D031DCC56EE00607F10 /* share@2x.png */ = {isa = PBXFileReference; lastKnownFileType = image.png; path = "share@2x.png"; sourceTree = "<group>"; };
		3CEB4D041DCC56EE00607F10 /* share@3x.png */ = {isa = PBXFileReference; lastKnownFileType = image.png; path = "share@3x.png"; sourceTree = "<group>"; };
		3CEB4D081DCC579400607F10 /* home.png */ = {isa = PBXFileReference; lastKnownFileType = image.png; path = home.png; sourceTree = "<group>"; };
		3CEB4D091DCC579400607F10 /* home@2x.png */ = {isa = PBXFileReference; lastKnownFileType = image.png; path = "home@2x.png"; sourceTree = "<group>"; };
		3CEB4D0A1DCC579400607F10 /* home@3x.png */ = {isa = PBXFileReference; lastKnownFileType = image.png; path = "home@3x.png"; sourceTree = "<group>"; };
		3CEB4D0E1DCC584B00607F10 /* cell_options_oval.png */ = {isa = PBXFileReference; lastKnownFileType = image.png; path = cell_options_oval.png; sourceTree = "<group>"; };
		3CEB4D0F1DCC584B00607F10 /* cell_options_oval@2x.png */ = {isa = PBXFileReference; lastKnownFileType = image.png; path = "cell_options_oval@2x.png"; sourceTree = "<group>"; };
		3CEB4D101DCC584B00607F10 /* cell_options_oval@3x.png */ = {isa = PBXFileReference; lastKnownFileType = image.png; path = "cell_options_oval@3x.png"; sourceTree = "<group>"; };
		3CEB4D141DCC598900607F10 /* video_play.png */ = {isa = PBXFileReference; lastKnownFileType = image.png; path = video_play.png; sourceTree = "<group>"; };
		3CEB4D151DCC598900607F10 /* video_play@2x.png */ = {isa = PBXFileReference; lastKnownFileType = image.png; path = "video_play@2x.png"; sourceTree = "<group>"; };
		3CEB4D161DCC598900607F10 /* video_play@3x.png */ = {isa = PBXFileReference; lastKnownFileType = image.png; path = "video_play@3x.png"; sourceTree = "<group>"; };
		3CEB4D1A1DCC59F000607F10 /* cell_gear.png */ = {isa = PBXFileReference; lastKnownFileType = image.png; path = cell_gear.png; sourceTree = "<group>"; };
		3CEB4D1B1DCC59F000607F10 /* cell_gear@2x.png */ = {isa = PBXFileReference; lastKnownFileType = image.png; path = "cell_gear@2x.png"; sourceTree = "<group>"; };
		3CEB4D1C1DCC59F000607F10 /* cell_gear@3x.png */ = {isa = PBXFileReference; lastKnownFileType = image.png; path = "cell_gear@3x.png"; sourceTree = "<group>"; };
		3CEB4D261DCC5AC600607F10 /* minus_btn.png */ = {isa = PBXFileReference; lastKnownFileType = image.png; path = minus_btn.png; sourceTree = "<group>"; };
		3CEB4D271DCC5AC600607F10 /* minus_btn@2x.png */ = {isa = PBXFileReference; lastKnownFileType = image.png; path = "minus_btn@2x.png"; sourceTree = "<group>"; };
		3CEB4D281DCC5AC600607F10 /* minus_btn@3x.png */ = {isa = PBXFileReference; lastKnownFileType = image.png; path = "minus_btn@3x.png"; sourceTree = "<group>"; };
		3CEB4D2C1DCC5AEC00607F10 /* checkmark_btn.png */ = {isa = PBXFileReference; lastKnownFileType = image.png; path = checkmark_btn.png; sourceTree = "<group>"; };
		3CEB4D2D1DCC5AEC00607F10 /* checkmark_btn@2x.png */ = {isa = PBXFileReference; lastKnownFileType = image.png; path = "checkmark_btn@2x.png"; sourceTree = "<group>"; };
		3CEB4D2E1DCC5AEC00607F10 /* checkmark_btn@3x.png */ = {isa = PBXFileReference; lastKnownFileType = image.png; path = "checkmark_btn@3x.png"; sourceTree = "<group>"; };
		3CEB4D321DCC5BB400607F10 /* show_btn.png */ = {isa = PBXFileReference; lastKnownFileType = image.png; path = show_btn.png; sourceTree = "<group>"; };
		3CEB4D331DCC5BB400607F10 /* show_btn@2x.png */ = {isa = PBXFileReference; lastKnownFileType = image.png; path = "show_btn@2x.png"; sourceTree = "<group>"; };
		3CEB4D341DCC5BB400607F10 /* show_btn@3x.png */ = {isa = PBXFileReference; lastKnownFileType = image.png; path = "show_btn@3x.png"; sourceTree = "<group>"; };
		3CEB4D381DCC5BFD00607F10 /* back_btn.png */ = {isa = PBXFileReference; lastKnownFileType = image.png; path = back_btn.png; sourceTree = "<group>"; };
		3CEB4D391DCC5BFD00607F10 /* back_btn@2x.png */ = {isa = PBXFileReference; lastKnownFileType = image.png; path = "back_btn@2x.png"; sourceTree = "<group>"; };
		3CEB4D3A1DCC5BFD00607F10 /* back_btn@3x.png */ = {isa = PBXFileReference; lastKnownFileType = image.png; path = "back_btn@3x.png"; sourceTree = "<group>"; };
		3CEB4D3E1DCC5C4200607F10 /* plus_btn.png */ = {isa = PBXFileReference; lastKnownFileType = image.png; path = plus_btn.png; sourceTree = "<group>"; };
		3CEB4D3F1DCC5C4200607F10 /* plus_btn@2x.png */ = {isa = PBXFileReference; lastKnownFileType = image.png; path = "plus_btn@2x.png"; sourceTree = "<group>"; };
		3CEB4D401DCC5C4200607F10 /* plus_btn@3x.png */ = {isa = PBXFileReference; lastKnownFileType = image.png; path = "plus_btn@3x.png"; sourceTree = "<group>"; };
		58D3D35904F04B62401FEE6F /* Pods.debug.xcconfig */ = {isa = PBXFileReference; includeInIndex = 1; lastKnownFileType = text.xcconfig; name = Pods.debug.xcconfig; path = "Pods/Target Support Files/Pods/Pods.debug.xcconfig"; sourceTree = "<group>"; };
		5B0A22001CA83A1100F3CA08 /* Default-568h@2x~iphone.png */ = {isa = PBXFileReference; lastKnownFileType = image.png; path = "Default-568h@2x~iphone.png"; sourceTree = "<group>"; };
		5B0A22011CA83A1100F3CA08 /* Default-667h@2x~iphone.png */ = {isa = PBXFileReference; lastKnownFileType = image.png; path = "Default-667h@2x~iphone.png"; sourceTree = "<group>"; };
		5B0A22021CA83A1100F3CA08 /* Default-736h@3x~iphone.png */ = {isa = PBXFileReference; lastKnownFileType = image.png; path = "Default-736h@3x~iphone.png"; sourceTree = "<group>"; };
		5B0A22031CA83A1100F3CA08 /* Default@2x~iphone.png */ = {isa = PBXFileReference; lastKnownFileType = image.png; path = "Default@2x~iphone.png"; sourceTree = "<group>"; };
		5B0A22091CA8412500F3CA08 /* MenuItemKit.framework */ = {isa = PBXFileReference; lastKnownFileType = wrapper.framework; name = MenuItemKit.framework; path = "MenuItemKit/build/Debug-iphoneos/MenuItemKit.framework"; sourceTree = "<group>"; };
		5B2C5DF11D3E89F800D3BD35 /* bitmap.png */ = {isa = PBXFileReference; lastKnownFileType = image.png; path = bitmap.png; sourceTree = "<group>"; };
		5B2C5DF21D3E89F800D3BD35 /* bitmap@2x.png */ = {isa = PBXFileReference; lastKnownFileType = image.png; path = "bitmap@2x.png"; sourceTree = "<group>"; };
		5B2C5DF31D3E89F800D3BD35 /* bitmap@3x.png */ = {isa = PBXFileReference; lastKnownFileType = image.png; path = "bitmap@3x.png"; sourceTree = "<group>"; };
		5B2C5DF41D3E89F800D3BD35 /* favoritesStar.png */ = {isa = PBXFileReference; lastKnownFileType = image.png; name = favoritesStar.png; path = "assets_Stique_Title_v2_2016-07-19/favoritesStar.png"; sourceTree = "<group>"; };
		5B2C5DF51D3E89F800D3BD35 /* favoritesStar@2x.png */ = {isa = PBXFileReference; lastKnownFileType = image.png; name = "favoritesStar@2x.png"; path = "assets_Stique_Title_v2_2016-07-19/favoritesStar@2x.png"; sourceTree = "<group>"; };
		5B2C5DF61D3E89F800D3BD35 /* favoritesStar@3x.png */ = {isa = PBXFileReference; lastKnownFileType = image.png; name = "favoritesStar@3x.png"; path = "assets_Stique_Title_v2_2016-07-19/favoritesStar@3x.png"; sourceTree = "<group>"; };
		5B2C5DF71D3E89F800D3BD35 /* back.png */ = {isa = PBXFileReference; lastKnownFileType = image.png; name = back.png; path = "assets_Stique_Title_v2_2016-07-19/back.png"; sourceTree = "<group>"; };
		5B2C5DF81D3E89F800D3BD35 /* back@2x.png */ = {isa = PBXFileReference; lastKnownFileType = image.png; name = "back@2x.png"; path = "assets_Stique_Title_v2_2016-07-19/back@2x.png"; sourceTree = "<group>"; };
		5B2C5DF91D3E89F800D3BD35 /* back@3x.png */ = {isa = PBXFileReference; lastKnownFileType = image.png; name = "back@3x.png"; path = "assets_Stique_Title_v2_2016-07-19/back@3x.png"; sourceTree = "<group>"; };
		5B2C5E411D3E8B5D00D3BD35 /* blackboardTexture.png */ = {isa = PBXFileReference; lastKnownFileType = image.png; path = blackboardTexture.png; sourceTree = "<group>"; };
		5B2C5E421D3E8B5D00D3BD35 /* blackboardTexture@2x.png */ = {isa = PBXFileReference; lastKnownFileType = image.png; path = "blackboardTexture@2x.png"; sourceTree = "<group>"; };
		5B2C5E431D3E8B5D00D3BD35 /* blackboardTexture@3x.png */ = {isa = PBXFileReference; lastKnownFileType = image.png; path = "blackboardTexture@3x.png"; sourceTree = "<group>"; };
		5B2C5E441D3E8B5D00D3BD35 /* page1.png */ = {isa = PBXFileReference; lastKnownFileType = image.png; path = page1.png; sourceTree = "<group>"; };
		5B2C5E451D3E8B5D00D3BD35 /* page1@2x.png */ = {isa = PBXFileReference; lastKnownFileType = image.png; path = "page1@2x.png"; sourceTree = "<group>"; };
		5B2C5E461D3E8B5D00D3BD35 /* page1@3x.png */ = {isa = PBXFileReference; lastKnownFileType = image.png; path = "page1@3x.png"; sourceTree = "<group>"; };
		5B2C5E6D1D3E8B9C00D3BD35 /* menu.png */ = {isa = PBXFileReference; lastKnownFileType = image.png; name = menu.png; path = "assets_Stique_PracticePage_v2_2016-07-19/menu.png"; sourceTree = "<group>"; };
		5B2C5E6E1D3E8B9C00D3BD35 /* menu@2x.png */ = {isa = PBXFileReference; lastKnownFileType = image.png; name = "menu@2x.png"; path = "assets_Stique_PracticePage_v2_2016-07-19/menu@2x.png"; sourceTree = "<group>"; };
		5B2C5E6F1D3E8B9C00D3BD35 /* menu@3x.png */ = {isa = PBXFileReference; lastKnownFileType = image.png; name = "menu@3x.png"; path = "assets_Stique_PracticePage_v2_2016-07-19/menu@3x.png"; sourceTree = "<group>"; };
		5B2C5E701D3E8B9C00D3BD35 /* master_study.png */ = {isa = PBXFileReference; lastKnownFileType = image.png; name = master_study.png; path = "assets_Stique_PracticePage_v2_2016-07-19/master_study.png"; sourceTree = "<group>"; };
		5B2C5E711D3E8B9C00D3BD35 /* master_study@2x.png */ = {isa = PBXFileReference; lastKnownFileType = image.png; name = "master_study@2x.png"; path = "assets_Stique_PracticePage_v2_2016-07-19/master_study@2x.png"; sourceTree = "<group>"; };
		5B2C5E721D3E8B9C00D3BD35 /* master_study@3x.png */ = {isa = PBXFileReference; lastKnownFileType = image.png; name = "master_study@3x.png"; path = "assets_Stique_PracticePage_v2_2016-07-19/master_study@3x.png"; sourceTree = "<group>"; };
		5B2C5E731D3E8B9C00D3BD35 /* search.png */ = {isa = PBXFileReference; lastKnownFileType = image.png; name = search.png; path = "assets_Stique_PracticePage_v2_2016-07-19/search.png"; sourceTree = "<group>"; };
		5B2C5E741D3E8B9C00D3BD35 /* search@2x.png */ = {isa = PBXFileReference; lastKnownFileType = image.png; name = "search@2x.png"; path = "assets_Stique_PracticePage_v2_2016-07-19/search@2x.png"; sourceTree = "<group>"; };
		5B2C5E751D3E8B9C00D3BD35 /* search@3x.png */ = {isa = PBXFileReference; lastKnownFileType = image.png; name = "search@3x.png"; path = "assets_Stique_PracticePage_v2_2016-07-19/search@3x.png"; sourceTree = "<group>"; };
		5B2C5E761D3E8B9C00D3BD35 /* shutterstockGreen.png */ = {isa = PBXFileReference; lastKnownFileType = image.png; path = shutterstockGreen.png; sourceTree = "<group>"; };
		5B2C5E771D3E8B9C00D3BD35 /* shutterstockGreen@2x.png */ = {isa = PBXFileReference; lastKnownFileType = image.png; path = "shutterstockGreen@2x.png"; sourceTree = "<group>"; };
		5B2C5E781D3E8B9C00D3BD35 /* shutterstockGreen@3x.png */ = {isa = PBXFileReference; lastKnownFileType = image.png; path = "shutterstockGreen@3x.png"; sourceTree = "<group>"; };
		5B5A94231CE912C7004F1581 /* FlashCardController.swift */ = {isa = PBXFileReference; fileEncoding = 4; lastKnownFileType = sourcecode.swift; path = FlashCardController.swift; sourceTree = "<group>"; };
		5B5C27821CE90A5B00CACF37 /* words.json */ = {isa = PBXFileReference; fileEncoding = 4; lastKnownFileType = text.json; path = words.json; sourceTree = "<group>"; };
		5B674D9A1CDF235200980E60 /* MasterPlaylistDetailController.swift */ = {isa = PBXFileReference; fileEncoding = 4; lastKnownFileType = sourcecode.swift; path = MasterPlaylistDetailController.swift; sourceTree = "<group>"; };
		5B689C8E1CF28BEE0066D726 /* PlaylistController.swift */ = {isa = PBXFileReference; fileEncoding = 4; lastKnownFileType = sourcecode.swift; path = PlaylistController.swift; sourceTree = "<group>"; };
		5B689C901CF292E60066D726 /* PlaylistDetailController.swift */ = {isa = PBXFileReference; fileEncoding = 4; lastKnownFileType = sourcecode.swift; path = PlaylistDetailController.swift; sourceTree = "<group>"; };
		5B8A25EB1CBC081000AFEAF8 /* LeftViewController.swift */ = {isa = PBXFileReference; fileEncoding = 4; lastKnownFileType = sourcecode.swift; path = LeftViewController.swift; sourceTree = "<group>"; };
		5B946C7A1D8CFAD0004D8A95 /* Speaker.png */ = {isa = PBXFileReference; lastKnownFileType = image.png; path = Speaker.png; sourceTree = "<group>"; };
		5B946C7B1D8CFAD0004D8A95 /* Speaker@2x.png */ = {isa = PBXFileReference; lastKnownFileType = image.png; path = "Speaker@2x.png"; sourceTree = "<group>"; };
		5B946C7C1D8CFAD0004D8A95 /* Speaker@3x.png */ = {isa = PBXFileReference; lastKnownFileType = image.png; path = "Speaker@3x.png"; sourceTree = "<group>"; };
		5B946C811D8CFF57004D8A95 /* Vocabulary_detail_background.png */ = {isa = PBXFileReference; lastKnownFileType = image.png; path = Vocabulary_detail_background.png; sourceTree = "<group>"; };
		5B946C821D8CFF57004D8A95 /* Vocabulary_detail_background@2x.png */ = {isa = PBXFileReference; lastKnownFileType = image.png; path = "Vocabulary_detail_background@2x.png"; sourceTree = "<group>"; };
		5B946C831D8CFF57004D8A95 /* Vocabulary_detail_background@3x.png */ = {isa = PBXFileReference; lastKnownFileType = image.png; path = "Vocabulary_detail_background@3x.png"; sourceTree = "<group>"; };
		5BA967B21C98CBE900EDC126 /* Stique.app */ = {isa = PBXFileReference; explicitFileType = wrapper.application; includeInIndex = 0; path = Stique.app; sourceTree = BUILT_PRODUCTS_DIR; };
		5BA967B51C98CBEE00EDC126 /* AppDelegate.swift */ = {isa = PBXFileReference; lastKnownFileType = sourcecode.swift; path = AppDelegate.swift; sourceTree = "<group>"; };
		5BA967B71C98CBF600EDC126 /* VocabularyViewController.swift */ = {isa = PBXFileReference; lastKnownFileType = sourcecode.swift; path = VocabularyViewController.swift; sourceTree = "<group>"; };
		5BA967BC1C98CBF800EDC126 /* Assets.xcassets */ = {isa = PBXFileReference; lastKnownFileType = folder.assetcatalog; path = Assets.xcassets; sourceTree = "<group>"; };
		5BA967C11C98CBF800EDC126 /* Info.plist */ = {isa = PBXFileReference; lastKnownFileType = text.plist.xml; path = Info.plist; sourceTree = "<group>"; };
		5BA967C61C98CBFF00EDC126 /* StiqueTests.xctest */ = {isa = PBXFileReference; explicitFileType = wrapper.cfbundle; includeInIndex = 0; path = StiqueTests.xctest; sourceTree = BUILT_PRODUCTS_DIR; };
		5BA967CA1C98CC0000EDC126 /* StiqueTests.swift */ = {isa = PBXFileReference; lastKnownFileType = sourcecode.swift; path = StiqueTests.swift; sourceTree = "<group>"; };
		5BA967CC1C98CC0000EDC126 /* Info.plist */ = {isa = PBXFileReference; lastKnownFileType = text.plist.xml; path = Info.plist; sourceTree = "<group>"; };
		5BA967D11C98CC0000EDC126 /* StiqueUITests.xctest */ = {isa = PBXFileReference; explicitFileType = wrapper.cfbundle; includeInIndex = 0; path = StiqueUITests.xctest; sourceTree = BUILT_PRODUCTS_DIR; };
		5BA967D51C98CC0100EDC126 /* StiqueUITests.swift */ = {isa = PBXFileReference; lastKnownFileType = sourcecode.swift; path = StiqueUITests.swift; sourceTree = "<group>"; };
		5BA967D71C98CC0100EDC126 /* Info.plist */ = {isa = PBXFileReference; lastKnownFileType = text.plist.xml; path = Info.plist; sourceTree = "<group>"; };
		5BA967E31CA080B700EDC126 /* MainViewController.swift */ = {isa = PBXFileReference; fileEncoding = 4; lastKnownFileType = sourcecode.swift; path = MainViewController.swift; sourceTree = "<group>"; };
		5BA967E91CA085BB00EDC126 /* beers.json */ = {isa = PBXFileReference; fileEncoding = 4; lastKnownFileType = text.json; path = beers.json; sourceTree = "<group>"; };
		5BA967EA1CA085BB00EDC126 /* crawl.rb */ = {isa = PBXFileReference; fileEncoding = 4; lastKnownFileType = text.script.ruby; path = crawl.rb; sourceTree = "<group>"; };
		5BA967EB1CA085BB00EDC126 /* CheckoutCellView.swift */ = {isa = PBXFileReference; fileEncoding = 4; lastKnownFileType = sourcecode.swift; path = CheckoutCellView.swift; sourceTree = "<group>"; };
		5BA9680A1CA085BC00EDC126 /* FoldingView.swift */ = {isa = PBXFileReference; fileEncoding = 4; lastKnownFileType = sourcecode.swift; path = FoldingView.swift; sourceTree = "<group>"; };
		5BA9680B1CA085BC00EDC126 /* SingleItemController.swift */ = {isa = PBXFileReference; fileEncoding = 4; lastKnownFileType = sourcecode.swift; path = SingleItemController.swift; sourceTree = "<group>"; };
		5BBDCD361CDA8A1700CCFF08 /* gmat.png */ = {isa = PBXFileReference; lastKnownFileType = image.png; path = gmat.png; sourceTree = "<group>"; };
		5BBDCD371CDA8A1700CCFF08 /* gre.png */ = {isa = PBXFileReference; lastKnownFileType = image.png; path = gre.png; sourceTree = "<group>"; };
		5BBDCD381CDA8A1700CCFF08 /* lsat.png */ = {isa = PBXFileReference; lastKnownFileType = image.png; path = lsat.png; sourceTree = "<group>"; };
		5BF7391B1CB98E55008C41BD /* MediaPlayer.framework */ = {isa = PBXFileReference; lastKnownFileType = wrapper.framework; name = MediaPlayer.framework; path = System/Library/Frameworks/MediaPlayer.framework; sourceTree = SDKROOT; };
		5BF7391D1CB9908C008C41BD /* AVKit.framework */ = {isa = PBXFileReference; lastKnownFileType = wrapper.framework; name = AVKit.framework; path = System/Library/Frameworks/AVKit.framework; sourceTree = SDKROOT; };
		5BF7391F1CB990C5008C41BD /* AVFoundation.framework */ = {isa = PBXFileReference; lastKnownFileType = wrapper.framework; name = AVFoundation.framework; path = System/Library/Frameworks/AVFoundation.framework; sourceTree = SDKROOT; };
		5BF739231CB9A12E008C41BD /* ShoppingController.swift */ = {isa = PBXFileReference; fileEncoding = 4; lastKnownFileType = sourcecode.swift; path = ShoppingController.swift; sourceTree = "<group>"; };
		5BF739291CB9A5F1008C41BD /* FilterController.swift */ = {isa = PBXFileReference; fileEncoding = 4; lastKnownFileType = sourcecode.swift; path = FilterController.swift; sourceTree = "<group>"; };
		5BF7392B1CB9A628008C41BD /* BaseController.swift */ = {isa = PBXFileReference; fileEncoding = 4; lastKnownFileType = sourcecode.swift; path = BaseController.swift; sourceTree = "<group>"; };
		B003C1091DF17C560051C6A3 /* Storyboard.storyboard */ = {isa = PBXFileReference; fileEncoding = 4; lastKnownFileType = file.storyboard; path = Storyboard.storyboard; sourceTree = "<group>"; };
		B012F4241DE2C680008FCA05 /* DataController.swift */ = {isa = PBXFileReference; fileEncoding = 4; lastKnownFileType = sourcecode.swift; path = DataController.swift; sourceTree = "<group>"; };
		B012F4261DE6E618008FCA05 /* TabBarController.swift */ = {isa = PBXFileReference; fileEncoding = 4; lastKnownFileType = sourcecode.swift; path = TabBarController.swift; sourceTree = "<group>"; };
		B012F42A1DE97595008FCA05 /* NavigationController.swift */ = {isa = PBXFileReference; fileEncoding = 4; lastKnownFileType = sourcecode.swift; path = NavigationController.swift; sourceTree = "<group>"; };
		B01853941DF5333A00F10C0A /* PlaylistTableViewCell.swift */ = {isa = PBXFileReference; fileEncoding = 4; lastKnownFileType = sourcecode.swift; path = PlaylistTableViewCell.swift; sourceTree = "<group>"; };
		B01C5CDF1DEFF7BF00307857 /* StiqueVideoPlayer.swift */ = {isa = PBXFileReference; fileEncoding = 4; lastKnownFileType = sourcecode.swift; path = StiqueVideoPlayer.swift; sourceTree = "<group>"; };
		B06EB5D51DEA31200023C271 /* credits_background@2x.png */ = {isa = PBXFileReference; lastKnownFileType = image.png; path = "credits_background@2x.png"; sourceTree = "<group>"; };
		B06EB5D61DEA31200023C271 /* credits_background@3x.png */ = {isa = PBXFileReference; lastKnownFileType = image.png; path = "credits_background@3x.png"; sourceTree = "<group>"; };
		B06EB5D71DEA31200023C271 /* credits_background.png */ = {isa = PBXFileReference; lastKnownFileType = image.png; path = credits_background.png; sourceTree = "<group>"; };
		B099144B1DEA7A2D0028BAC9 /* cell_play@3x.png */ = {isa = PBXFileReference; lastKnownFileType = image.png; path = "cell_play@3x.png"; sourceTree = "<group>"; };
		B099144C1DEA7A2D0028BAC9 /* cell_play@2x.png */ = {isa = PBXFileReference; lastKnownFileType = image.png; path = "cell_play@2x.png"; sourceTree = "<group>"; };
		B099144D1DEA7A2D0028BAC9 /* cell_play.png */ = {isa = PBXFileReference; lastKnownFileType = image.png; path = cell_play.png; sourceTree = "<group>"; };
		B099148F1DED4D4E0028BAC9 /* MainTableViewCell.swift */ = {isa = PBXFileReference; fileEncoding = 4; lastKnownFileType = sourcecode.swift; path = MainTableViewCell.swift; sourceTree = "<group>"; };
		B0AC39A71DF2CD1300D591FC /* MasterStudyTableViewController.swift */ = {isa = PBXFileReference; fileEncoding = 4; lastKnownFileType = sourcecode.swift; path = MasterStudyTableViewController.swift; sourceTree = "<group>"; };
		B0CBE3D71DEA2F5900CCD254 /* credits@2x.png */ = {isa = PBXFileReference; lastKnownFileType = image.png; path = "credits@2x.png"; sourceTree = "<group>"; };
		B0CBE3D81DEA2F5900CCD254 /* credits@3x.png */ = {isa = PBXFileReference; lastKnownFileType = image.png; path = "credits@3x.png"; sourceTree = "<group>"; };
		B0CBE3D91DEA2F5900CCD254 /* credits.png */ = {isa = PBXFileReference; lastKnownFileType = image.png; path = credits.png; sourceTree = "<group>"; };
		FE983693D02536BD15189D7C /* Pods.framework */ = {isa = PBXFileReference; explicitFileType = wrapper.framework; includeInIndex = 0; path = Pods.framework; sourceTree = BUILT_PRODUCTS_DIR; };
/* End PBXFileReference section */

/* Begin PBXFrameworksBuildPhase section */
		5BA967AF1C98CBE700EDC126 /* Frameworks */ = {
			isa = PBXFrameworksBuildPhase;
			buildActionMask = 2147483647;
			files = (
				5BF739201CB990C5008C41BD /* AVFoundation.framework in Frameworks */,
				5BF7391E1CB9908C008C41BD /* AVKit.framework in Frameworks */,
				3B52A0F5A6C879264D7B493A /* Pods.framework in Frameworks */,
			);
			runOnlyForDeploymentPostprocessing = 0;
		};
		5BA967C31C98CBFF00EDC126 /* Frameworks */ = {
			isa = PBXFrameworksBuildPhase;
			buildActionMask = 2147483647;
			files = (
			);
			runOnlyForDeploymentPostprocessing = 0;
		};
		5BA967CE1C98CC0000EDC126 /* Frameworks */ = {
			isa = PBXFrameworksBuildPhase;
			buildActionMask = 2147483647;
			files = (
			);
			runOnlyForDeploymentPostprocessing = 0;
		};
/* End PBXFrameworksBuildPhase section */

/* Begin PBXGroup section */
		3CEB4CEE1DCC4FA400607F10 /* Navigation_bar */ = {
			isa = PBXGroup;
			children = (
				5B2C5DF71D3E89F800D3BD35 /* back.png */,
				5B2C5DF81D3E89F800D3BD35 /* back@2x.png */,
				5B2C5DF91D3E89F800D3BD35 /* back@3x.png */,
				5B2C5E731D3E8B9C00D3BD35 /* search.png */,
				5B2C5E741D3E8B9C00D3BD35 /* search@2x.png */,
				5B2C5E751D3E8B9C00D3BD35 /* search@3x.png */,
				5B2C5E6D1D3E8B9C00D3BD35 /* menu.png */,
				5B2C5E6E1D3E8B9C00D3BD35 /* menu@2x.png */,
				5B2C5E6F1D3E8B9C00D3BD35 /* menu@3x.png */,
			);
			name = Navigation_bar;
			sourceTree = "<group>";
		};
		3CEB4CEF1DCC501800607F10 /* Tap_bar */ = {
			isa = PBXGroup;
			children = (
				3CEB4CFC1DCC544500607F10 /* filter.png */,
				3CEB4CFD1DCC544500607F10 /* filter@2x.png */,
				3CEB4CFE1DCC544500607F10 /* filter@3x.png */,
				5B2C5E701D3E8B9C00D3BD35 /* master_study.png */,
				5B2C5E711D3E8B9C00D3BD35 /* master_study@2x.png */,
				5B2C5E721D3E8B9C00D3BD35 /* master_study@3x.png */,
				3CEB4D081DCC579400607F10 /* home.png */,
				3CEB4D091DCC579400607F10 /* home@2x.png */,
				3CEB4D0A1DCC579400607F10 /* home@3x.png */,
				3CEB4CF01DCC52C000607F10 /* playlist.png */,
				3CEB4CF11DCC52C000607F10 /* playlist@2x.png */,
				3CEB4CF21DCC52C000607F10 /* playlist@3x.png */,
				3CEB4CF61DCC53C400607F10 /* shopping_cart.png */,
				3CEB4CF71DCC53C400607F10 /* shopping_cart@2x.png */,
				3CEB4CF81DCC53C400607F10 /* shopping_cart@3x.png */,
			);
			name = Tap_bar;
			sourceTree = "<group>";
		};
		5B2C5DF01D3E89F800D3BD35 /* Stique_title */ = {
			isa = PBXGroup;
			children = (
				5B2C5DF11D3E89F800D3BD35 /* bitmap.png */,
				5B2C5DF21D3E89F800D3BD35 /* bitmap@2x.png */,
				5B2C5DF31D3E89F800D3BD35 /* bitmap@3x.png */,
			);
			name = Stique_title;
			path = "assets_Stique_Title_v2_2016-07-19";
			sourceTree = "<group>";
		};
		5B2C5E401D3E8B5D00D3BD35 /* Stique_start */ = {
			isa = PBXGroup;
			children = (
				5B2C5E411D3E8B5D00D3BD35 /* blackboardTexture.png */,
				5B2C5E421D3E8B5D00D3BD35 /* blackboardTexture@2x.png */,
				5B2C5E431D3E8B5D00D3BD35 /* blackboardTexture@3x.png */,
				5B2C5E441D3E8B5D00D3BD35 /* page1.png */,
				5B2C5E451D3E8B5D00D3BD35 /* page1@2x.png */,
				5B2C5E461D3E8B5D00D3BD35 /* page1@3x.png */,
			);
			name = Stique_start;
			path = "assets_Stique_Start1_v2_2016-07-19";
			sourceTree = "<group>";
		};
		5B2C5E4D1D3E8B8500D3BD35 /* Cells */ = {
			isa = PBXGroup;
			children = (
				B099144B1DEA7A2D0028BAC9 /* cell_play@3x.png */,
				B099144C1DEA7A2D0028BAC9 /* cell_play@2x.png */,
				B099144D1DEA7A2D0028BAC9 /* cell_play.png */,
				3CEB4D1A1DCC59F000607F10 /* cell_gear.png */,
				3CEB4D1B1DCC59F000607F10 /* cell_gear@2x.png */,
				3CEB4D1C1DCC59F000607F10 /* cell_gear@3x.png */,
				3CEB4D0E1DCC584B00607F10 /* cell_options_oval.png */,
				3CEB4D0F1DCC584B00607F10 /* cell_options_oval@2x.png */,
				3CEB4D101DCC584B00607F10 /* cell_options_oval@3x.png */,
			);
			name = Cells;
			path = "assets_Stique_Options_v2_2016-07-19";
			sourceTree = "<group>";
		};
		5B2C5E6C1D3E8B9C00D3BD35 /* Practice_page */ = {
			isa = PBXGroup;
			children = (
				3CEB4D381DCC5BFD00607F10 /* back_btn.png */,
				3CEB4D391DCC5BFD00607F10 /* back_btn@2x.png */,
				3CEB4D3A1DCC5BFD00607F10 /* back_btn@3x.png */,
				3CEB4D2C1DCC5AEC00607F10 /* checkmark_btn.png */,
				3CEB4D2D1DCC5AEC00607F10 /* checkmark_btn@2x.png */,
				3CEB4D2E1DCC5AEC00607F10 /* checkmark_btn@3x.png */,
				3CEB4D261DCC5AC600607F10 /* minus_btn.png */,
				3CEB4D271DCC5AC600607F10 /* minus_btn@2x.png */,
				3CEB4D281DCC5AC600607F10 /* minus_btn@3x.png */,
				3CEB4D3E1DCC5C4200607F10 /* plus_btn.png */,
				3CEB4D3F1DCC5C4200607F10 /* plus_btn@2x.png */,
				3CEB4D401DCC5C4200607F10 /* plus_btn@3x.png */,
				3CEB4D321DCC5BB400607F10 /* show_btn.png */,
				3CEB4D331DCC5BB400607F10 /* show_btn@2x.png */,
				3CEB4D341DCC5BB400607F10 /* show_btn@3x.png */,
				5B2C5E761D3E8B9C00D3BD35 /* shutterstockGreen.png */,
				5B2C5E771D3E8B9C00D3BD35 /* shutterstockGreen@2x.png */,
				5B2C5E781D3E8B9C00D3BD35 /* shutterstockGreen@3x.png */,
			);
			name = Practice_page;
			path = "assets_Stique_PracticePage_v2_2016-07-19";
			sourceTree = "<group>";
		};
		5B946C801D8CFF31004D8A95 /* Vocabulary_detail_page */ = {
			isa = PBXGroup;
			children = (
				5B2C5DF41D3E89F800D3BD35 /* favoritesStar.png */,
				5B2C5DF51D3E89F800D3BD35 /* favoritesStar@2x.png */,
				5B2C5DF61D3E89F800D3BD35 /* favoritesStar@3x.png */,
				3CEB4D021DCC56EE00607F10 /* share.png */,
				3CEB4D031DCC56EE00607F10 /* share@2x.png */,
				3CEB4D041DCC56EE00607F10 /* share@3x.png */,
				5B946C7A1D8CFAD0004D8A95 /* Speaker.png */,
				5B946C7B1D8CFAD0004D8A95 /* Speaker@2x.png */,
				5B946C7C1D8CFAD0004D8A95 /* Speaker@3x.png */,
				3CEB4D141DCC598900607F10 /* video_play.png */,
				3CEB4D151DCC598900607F10 /* video_play@2x.png */,
				3CEB4D161DCC598900607F10 /* video_play@3x.png */,
				5B946C811D8CFF57004D8A95 /* Vocabulary_detail_background.png */,
				5B946C821D8CFF57004D8A95 /* Vocabulary_detail_background@2x.png */,
				5B946C831D8CFF57004D8A95 /* Vocabulary_detail_background@3x.png */,
			);
			name = Vocabulary_detail_page;
			sourceTree = "<group>";
		};
		5BA967A91C98CBDE00EDC126 = {
			isa = PBXGroup;
			children = (
				5BA967B41C98CBED00EDC126 /* Stique */,
				5BA967C91C98CC0000EDC126 /* StiqueTests */,
				5BA967D41C98CC0100EDC126 /* StiqueUITests */,
				5BA967B31C98CBEA00EDC126 /* Products */,
				9B777ED90FD14E1CD87265D7 /* Pods */,
				8B7CD2DF2CE7742DCAB23D0F /* Frameworks */,
			);
			sourceTree = "<group>";
		};
		5BA967B31C98CBEA00EDC126 /* Products */ = {
			isa = PBXGroup;
			children = (
				5BA967B21C98CBE900EDC126 /* Stique.app */,
				5BA967C61C98CBFF00EDC126 /* StiqueTests.xctest */,
				5BA967D11C98CC0000EDC126 /* StiqueUITests.xctest */,
			);
			name = Products;
			sourceTree = "<group>";
		};
		5BA967B41C98CBED00EDC126 /* Stique */ = {
			isa = PBXGroup;
			children = (
				5BA967E71CA085BB00EDC126 /* images */,
				5BA967BC1C98CBF800EDC126 /* Assets.xcassets */,
				5B5C27821CE90A5B00CACF37 /* words.json */,
				5BA967C11C98CBF800EDC126 /* Info.plist */,
				B003C1091DF17C560051C6A3 /* Storyboard.storyboard */,
				5BA967B51C98CBEE00EDC126 /* AppDelegate.swift */,
				B012F4241DE2C680008FCA05 /* DataController.swift */,
				B012F42A1DE97595008FCA05 /* NavigationController.swift */,
				B012F4261DE6E618008FCA05 /* TabBarController.swift */,
				5BA967E31CA080B700EDC126 /* MainViewController.swift */,
				B099148F1DED4D4E0028BAC9 /* MainTableViewCell.swift */,
				5BA967B71C98CBF600EDC126 /* VocabularyViewController.swift */,
				B01C5CDF1DEFF7BF00307857 /* StiqueVideoPlayer.swift */,
				B0AC39A71DF2CD1300D591FC /* MasterStudyTableViewController.swift */,
				5B674D9A1CDF235200980E60 /* MasterPlaylistDetailController.swift */,
				5B5A94231CE912C7004F1581 /* FlashCardController.swift */,
				5B689C8E1CF28BEE0066D726 /* PlaylistController.swift */,
				5B689C901CF292E60066D726 /* PlaylistDetailController.swift */,
				B01853941DF5333A00F10C0A /* PlaylistTableViewCell.swift */,
				5BF739291CB9A5F1008C41BD /* FilterController.swift */,
				5BF739231CB9A12E008C41BD /* ShoppingController.swift */,
				5BF7392B1CB9A628008C41BD /* BaseController.swift */,
				5B8A25EB1CBC081000AFEAF8 /* LeftViewController.swift */,
			);
			path = Stique;
			sourceTree = "<group>";
		};
		5BA967C91C98CC0000EDC126 /* StiqueTests */ = {
			isa = PBXGroup;
			children = (
				5BA967CA1C98CC0000EDC126 /* StiqueTests.swift */,
				5BA967CC1C98CC0000EDC126 /* Info.plist */,
			);
			path = StiqueTests;
			sourceTree = "<group>";
		};
		5BA967D41C98CC0100EDC126 /* StiqueUITests */ = {
			isa = PBXGroup;
			children = (
				5BA967D51C98CC0100EDC126 /* StiqueUITests.swift */,
				5BA967D71C98CC0100EDC126 /* Info.plist */,
			);
			path = StiqueUITests;
			sourceTree = "<group>";
		};
		5BA967E71CA085BB00EDC126 /* images */ = {
			isa = PBXGroup;
			children = (
				B0CBE3D61DEA2F2700CCD254 /* Credits_page */,
				5B2C5E4D1D3E8B8500D3BD35 /* Cells */,
				3CEB4CEF1DCC501800607F10 /* Tap_bar */,
				3CEB4CEE1DCC4FA400607F10 /* Navigation_bar */,
				5B946C801D8CFF31004D8A95 /* Vocabulary_detail_page */,
				5B2C5E6C1D3E8B9C00D3BD35 /* Practice_page */,
				5B2C5E401D3E8B5D00D3BD35 /* Stique_start */,
				5B2C5DF01D3E89F800D3BD35 /* Stique_title */,
				5BBDCD361CDA8A1700CCFF08 /* gmat.png */,
				5BBDCD371CDA8A1700CCFF08 /* gre.png */,
				5BBDCD381CDA8A1700CCFF08 /* lsat.png */,
				5BA967E81CA085BB00EDC126 /* beer */,
				5BA967EB1CA085BB00EDC126 /* CheckoutCellView.swift */,
				5BA967EC1CA085BB00EDC126 /* dst */,
				5BA9680A1CA085BC00EDC126 /* FoldingView.swift */,
				5BA9680B1CA085BC00EDC126 /* SingleItemController.swift */,
			);
			path = images;
			sourceTree = "<group>";
		};
		5BA967E81CA085BB00EDC126 /* beer */ = {
			isa = PBXGroup;
			children = (
				5BA967E91CA085BB00EDC126 /* beers.json */,
				5BA967EA1CA085BB00EDC126 /* crawl.rb */,
			);
			path = beer;
			sourceTree = "<group>";
		};
		5BA967EC1CA085BB00EDC126 /* dst */ = {
			isa = PBXGroup;
			children = (
				5BA968021CA085BC00EDC126 /* screen */,
			);
			path = dst;
			sourceTree = "<group>";
		};
		5BA968021CA085BC00EDC126 /* screen */ = {
			isa = PBXGroup;
			children = (
				5B0A22001CA83A1100F3CA08 /* Default-568h@2x~iphone.png */,
				5B0A22011CA83A1100F3CA08 /* Default-667h@2x~iphone.png */,
				5B0A22021CA83A1100F3CA08 /* Default-736h@3x~iphone.png */,
				5B0A22031CA83A1100F3CA08 /* Default@2x~iphone.png */,
			);
			path = screen;
			sourceTree = "<group>";
		};
		8B7CD2DF2CE7742DCAB23D0F /* Frameworks */ = {
			isa = PBXGroup;
			children = (
				5BF7391F1CB990C5008C41BD /* AVFoundation.framework */,
				5BF7391D1CB9908C008C41BD /* AVKit.framework */,
				5BF7391B1CB98E55008C41BD /* MediaPlayer.framework */,
				5B0A22091CA8412500F3CA08 /* MenuItemKit.framework */,
				FE983693D02536BD15189D7C /* Pods.framework */,
			);
			name = Frameworks;
			sourceTree = "<group>";
		};
		9B777ED90FD14E1CD87265D7 /* Pods */ = {
			isa = PBXGroup;
			children = (
				58D3D35904F04B62401FEE6F /* Pods.debug.xcconfig */,
				0CC7030A217AEBB824BFDE92 /* Pods.release.xcconfig */,
			);
			name = Pods;
			sourceTree = "<group>";
		};
		B0CBE3D61DEA2F2700CCD254 /* Credits_page */ = {
			isa = PBXGroup;
			children = (
				B06EB5D51DEA31200023C271 /* credits_background@2x.png */,
				B06EB5D61DEA31200023C271 /* credits_background@3x.png */,
				B06EB5D71DEA31200023C271 /* credits_background.png */,
				B0CBE3D71DEA2F5900CCD254 /* credits@2x.png */,
				B0CBE3D81DEA2F5900CCD254 /* credits@3x.png */,
				B0CBE3D91DEA2F5900CCD254 /* credits.png */,
			);
			name = Credits_page;
			sourceTree = "<group>";
		};
/* End PBXGroup section */

/* Begin PBXNativeTarget section */
		5BA967B11C98CBE700EDC126 /* Stique */ = {
			isa = PBXNativeTarget;
			buildConfigurationList = 5BA967DA1C98CC0100EDC126 /* Build configuration list for PBXNativeTarget "Stique" */;
			buildPhases = (
				2B5331EF0824D7E665C97409 /* Check Pods Manifest.lock */,
				5BA967AE1C98CBE700EDC126 /* Sources */,
				5BA967AF1C98CBE700EDC126 /* Frameworks */,
				5BA967B01C98CBE700EDC126 /* Resources */,
				AF571BFFC9D96C8A6CA9E7DA /* Embed Pods Frameworks */,
				31B77618297A77F824300D3B /* Copy Pods Resources */,
				5B0A220C1CA8471500F3CA08 /* Fabric */,
				5B0A22101CA84F8A00F3CA08 /* Embed Frameworks */,
			);
			buildRules = (
			);
			dependencies = (
			);
			name = Stique;
			productName = Stique;
			productReference = 5BA967B21C98CBE900EDC126 /* Stique.app */;
			productType = "com.apple.product-type.application";
		};
		5BA967C51C98CBFF00EDC126 /* StiqueTests */ = {
			isa = PBXNativeTarget;
			buildConfigurationList = 5BA967DD1C98CC0100EDC126 /* Build configuration list for PBXNativeTarget "StiqueTests" */;
			buildPhases = (
				5BA967C21C98CBFF00EDC126 /* Sources */,
				5BA967C31C98CBFF00EDC126 /* Frameworks */,
				5BA967C41C98CBFF00EDC126 /* Resources */,
			);
			buildRules = (
			);
			dependencies = (
				5BA967C81C98CBFF00EDC126 /* PBXTargetDependency */,
			);
			name = StiqueTests;
			productName = StiqueTests;
			productReference = 5BA967C61C98CBFF00EDC126 /* StiqueTests.xctest */;
			productType = "com.apple.product-type.bundle.unit-test";
		};
		5BA967D01C98CC0000EDC126 /* StiqueUITests */ = {
			isa = PBXNativeTarget;
			buildConfigurationList = 5BA967E01C98CC0100EDC126 /* Build configuration list for PBXNativeTarget "StiqueUITests" */;
			buildPhases = (
				5BA967CD1C98CC0000EDC126 /* Sources */,
				5BA967CE1C98CC0000EDC126 /* Frameworks */,
				5BA967CF1C98CC0000EDC126 /* Resources */,
			);
			buildRules = (
			);
			dependencies = (
				5BA967D31C98CC0000EDC126 /* PBXTargetDependency */,
			);
			name = StiqueUITests;
			productName = StiqueUITests;
			productReference = 5BA967D11C98CC0000EDC126 /* StiqueUITests.xctest */;
			productType = "com.apple.product-type.bundle.ui-testing";
		};
/* End PBXNativeTarget section */

/* Begin PBXProject section */
		5BA967AA1C98CBE100EDC126 /* Project object */ = {
			isa = PBXProject;
			attributes = {
				LastSwiftUpdateCheck = 0720;
				LastUpgradeCheck = 0720;
				ORGANIZATIONNAME = StiqueApp;
				TargetAttributes = {
					5BA967B11C98CBE700EDC126 = {
						CreatedOnToolsVersion = 7.2.1;
						DevelopmentTeam = 5GLENQ9K7B;
					};
					5BA967C51C98CBFF00EDC126 = {
						CreatedOnToolsVersion = 7.2.1;
						TestTargetID = 5BA967B11C98CBE700EDC126;
					};
					5BA967D01C98CC0000EDC126 = {
						CreatedOnToolsVersion = 7.2.1;
						TestTargetID = 5BA967B11C98CBE700EDC126;
					};
				};
			};
			buildConfigurationList = 5BA967AD1C98CBE300EDC126 /* Build configuration list for PBXProject "Stique" */;
			compatibilityVersion = "Xcode 3.2";
			developmentRegion = English;
			hasScannedForEncodings = 0;
			knownRegions = (
				en,
				Base,
			);
			mainGroup = 5BA967A91C98CBDE00EDC126;
			productRefGroup = 5BA967B31C98CBEA00EDC126 /* Products */;
			projectDirPath = "";
			projectRoot = "";
			targets = (
				5BA967B11C98CBE700EDC126 /* Stique */,
				5BA967C51C98CBFF00EDC126 /* StiqueTests */,
				5BA967D01C98CC0000EDC126 /* StiqueUITests */,
			);
		};
/* End PBXProject section */

/* Begin PBXResourcesBuildPhase section */
		5BA967B01C98CBE700EDC126 /* Resources */ = {
			isa = PBXResourcesBuildPhase;
			buildActionMask = 2147483647;
			files = (
				5B946C851D8CFF57004D8A95 /* Vocabulary_detail_background@2x.png in Resources */,
				3CEB4D301DCC5AEC00607F10 /* checkmark_btn@2x.png in Resources */,
				5BBDCD3A1CDA8A1700CCFF08 /* gre.png in Resources */,
				B0CBE3DA1DEA2F5900CCD254 /* credits@2x.png in Resources */,
				3CEB4D071DCC56EE00607F10 /* share@3x.png in Resources */,
				B09914501DEA7A2D0028BAC9 /* cell_play.png in Resources */,
				5BBDCD3B1CDA8A1700CCFF08 /* lsat.png in Resources */,
				5B0A22051CA83A1100F3CA08 /* Default-667h@2x~iphone.png in Resources */,
				5B2C5E481D3E8B5D00D3BD35 /* blackboardTexture@2x.png in Resources */,
				5B2C5E0F1D3E89F800D3BD35 /* back.png in Resources */,
				5B2C5E831D3E8B9C00D3BD35 /* shutterstockGreen@2x.png in Resources */,
				5B2C5E0A1D3E89F800D3BD35 /* bitmap@2x.png in Resources */,
				3CEB4CF41DCC52C000607F10 /* playlist@2x.png in Resources */,
				5B946C841D8CFF57004D8A95 /* Vocabulary_detail_background.png in Resources */,
				3CEB4D371DCC5BB400607F10 /* show_btn@3x.png in Resources */,
				5B2C5E0B1D3E89F800D3BD35 /* bitmap@3x.png in Resources */,
				3CEB4D361DCC5BB400607F10 /* show_btn@2x.png in Resources */,
				3CEB4D1E1DCC59F000607F10 /* cell_gear@2x.png in Resources */,
				3CEB4D3B1DCC5BFD00607F10 /* back_btn.png in Resources */,
				5B2C5E4C1D3E8B5D00D3BD35 /* page1@3x.png in Resources */,
				3CEB4D0B1DCC579400607F10 /* home.png in Resources */,
				5B2C5E0E1D3E89F800D3BD35 /* favoritesStar@3x.png in Resources */,
				5B0A22061CA83A1100F3CA08 /* Default-736h@3x~iphone.png in Resources */,
				5B946C7F1D8CFAD0004D8A95 /* Speaker@3x.png in Resources */,
				B099144F1DEA7A2D0028BAC9 /* cell_play@2x.png in Resources */,
				3CEB4D2B1DCC5AC600607F10 /* minus_btn@3x.png in Resources */,
				B003C10A1DF17C560051C6A3 /* Storyboard.storyboard in Resources */,
				5B2C5E811D3E8B9C00D3BD35 /* search@3x.png in Resources */,
				5B2C5E821D3E8B9C00D3BD35 /* shutterstockGreen.png in Resources */,
				5B2C5E0D1D3E89F800D3BD35 /* favoritesStar@2x.png in Resources */,
				3CEB4D291DCC5AC600607F10 /* minus_btn.png in Resources */,
				3CEB4D171DCC598900607F10 /* video_play.png in Resources */,
				3CEB4D3C1DCC5BFD00607F10 /* back_btn@2x.png in Resources */,
				5B946C7E1D8CFAD0004D8A95 /* Speaker@2x.png in Resources */,
				3CEB4D431DCC5C4200607F10 /* plus_btn@3x.png in Resources */,
				3CEB4D001DCC544500607F10 /* filter@2x.png in Resources */,
				B0CBE3DB1DEA2F5900CCD254 /* credits@3x.png in Resources */,
				3CEB4D051DCC56EE00607F10 /* share.png in Resources */,
				5B2C5E801D3E8B9C00D3BD35 /* search@2x.png in Resources */,
				5BBDCD391CDA8A1700CCFF08 /* gmat.png in Resources */,
				B0CBE3DC1DEA2F5900CCD254 /* credits.png in Resources */,
				3CEB4CFB1DCC53C400607F10 /* shopping_cart@3x.png in Resources */,
				5BA967BD1C98CBF800EDC126 /* Assets.xcassets in Resources */,
				5B2C5E7D1D3E8B9C00D3BD35 /* master_study@2x.png in Resources */,
				5B2C5E111D3E89F800D3BD35 /* back@3x.png in Resources */,
				5B0A22071CA83A1100F3CA08 /* Default@2x~iphone.png in Resources */,
				5B2C5E7C1D3E8B9C00D3BD35 /* master_study.png in Resources */,
				5B2C5E101D3E89F800D3BD35 /* back@2x.png in Resources */,
				5B2C5E7B1D3E8B9C00D3BD35 /* menu@3x.png in Resources */,
				3CEB4D061DCC56EE00607F10 /* share@2x.png in Resources */,
				3CEB4D011DCC544500607F10 /* filter@3x.png in Resources */,
				5B2C5E7F1D3E8B9C00D3BD35 /* search.png in Resources */,
				5B2C5E0C1D3E89F800D3BD35 /* favoritesStar.png in Resources */,
				3CEB4D1F1DCC59F000607F10 /* cell_gear@3x.png in Resources */,
				3CEB4D1D1DCC59F000607F10 /* cell_gear.png in Resources */,
				B06EB5D81DEA31200023C271 /* credits_background@2x.png in Resources */,
				5B2C5E491D3E8B5D00D3BD35 /* blackboardTexture@3x.png in Resources */,
				3CEB4D2A1DCC5AC600607F10 /* minus_btn@2x.png in Resources */,
				3CEB4D421DCC5C4200607F10 /* plus_btn@2x.png in Resources */,
				3CEB4D131DCC584B00607F10 /* cell_options_oval@3x.png in Resources */,
				3CEB4CF31DCC52C000607F10 /* playlist.png in Resources */,
				3CEB4D111DCC584B00607F10 /* cell_options_oval.png in Resources */,
				5B2C5E841D3E8B9C00D3BD35 /* shutterstockGreen@3x.png in Resources */,
				3CEB4CFF1DCC544500607F10 /* filter.png in Resources */,
				5B5C27831CE90A5B00CACF37 /* words.json in Resources */,
				3CEB4CF51DCC52C000607F10 /* playlist@3x.png in Resources */,
				3CEB4D181DCC598900607F10 /* video_play@2x.png in Resources */,
				3CEB4D0D1DCC579400607F10 /* home@3x.png in Resources */,
				B099144E1DEA7A2D0028BAC9 /* cell_play@3x.png in Resources */,
				3CEB4D191DCC598900607F10 /* video_play@3x.png in Resources */,
				5B2C5E7E1D3E8B9C00D3BD35 /* master_study@3x.png in Resources */,
				5B2C5E791D3E8B9C00D3BD35 /* menu.png in Resources */,
				3CEB4CFA1DCC53C400607F10 /* shopping_cart@2x.png in Resources */,
				3CEB4D3D1DCC5BFD00607F10 /* back_btn@3x.png in Resources */,
				5B2C5E4B1D3E8B5D00D3BD35 /* page1@2x.png in Resources */,
				3CEB4D311DCC5AEC00607F10 /* checkmark_btn@3x.png in Resources */,
				5BA9680C1CA085BC00EDC126 /* beers.json in Resources */,
				3CEB4D2F1DCC5AEC00607F10 /* checkmark_btn.png in Resources */,
				3CEB4D121DCC584B00607F10 /* cell_options_oval@2x.png in Resources */,
				5B0A22041CA83A1100F3CA08 /* Default-568h@2x~iphone.png in Resources */,
				5B946C861D8CFF57004D8A95 /* Vocabulary_detail_background@3x.png in Resources */,
				5B2C5E471D3E8B5D00D3BD35 /* blackboardTexture.png in Resources */,
				B06EB5D91DEA31200023C271 /* credits_background@3x.png in Resources */,
				3CEB4D0C1DCC579400607F10 /* home@2x.png in Resources */,
				3CEB4D411DCC5C4200607F10 /* plus_btn.png in Resources */,
				3CEB4CF91DCC53C400607F10 /* shopping_cart.png in Resources */,
				5B2C5E4A1D3E8B5D00D3BD35 /* page1.png in Resources */,
				5B946C7D1D8CFAD0004D8A95 /* Speaker.png in Resources */,
				B06EB5DA1DEA31200023C271 /* credits_background.png in Resources */,
				3CEB4D351DCC5BB400607F10 /* show_btn.png in Resources */,
				5B2C5E091D3E89F800D3BD35 /* bitmap.png in Resources */,
				5BA9680D1CA085BC00EDC126 /* crawl.rb in Resources */,
				5B2C5E7A1D3E8B9C00D3BD35 /* menu@2x.png in Resources */,
			);
			runOnlyForDeploymentPostprocessing = 0;
		};
		5BA967C41C98CBFF00EDC126 /* Resources */ = {
			isa = PBXResourcesBuildPhase;
			buildActionMask = 2147483647;
			files = (
			);
			runOnlyForDeploymentPostprocessing = 0;
		};
		5BA967CF1C98CC0000EDC126 /* Resources */ = {
			isa = PBXResourcesBuildPhase;
			buildActionMask = 2147483647;
			files = (
			);
			runOnlyForDeploymentPostprocessing = 0;
		};
/* End PBXResourcesBuildPhase section */

/* Begin PBXShellScriptBuildPhase section */
		2B5331EF0824D7E665C97409 /* Check Pods Manifest.lock */ = {
			isa = PBXShellScriptBuildPhase;
			buildActionMask = 2147483647;
			files = (
			);
			inputPaths = (
			);
			name = "Check Pods Manifest.lock";
			outputPaths = (
			);
			runOnlyForDeploymentPostprocessing = 0;
			shellPath = /bin/sh;
			shellScript = "diff \"${PODS_ROOT}/../Podfile.lock\" \"${PODS_ROOT}/Manifest.lock\" > /dev/null\nif [[ $? != 0 ]] ; then\n    cat << EOM\nerror: The sandbox is not in sync with the Podfile.lock. Run 'pod install' or update your CocoaPods installation.\nEOM\n    exit 1\nfi\n";
			showEnvVarsInLog = 0;
		};
		31B77618297A77F824300D3B /* Copy Pods Resources */ = {
			isa = PBXShellScriptBuildPhase;
			buildActionMask = 2147483647;
			files = (
			);
			inputPaths = (
			);
			name = "Copy Pods Resources";
			outputPaths = (
			);
			runOnlyForDeploymentPostprocessing = 0;
			shellPath = /bin/sh;
			shellScript = "\"${SRCROOT}/Pods/Target Support Files/Pods/Pods-resources.sh\"\n";
			showEnvVarsInLog = 0;
		};
		5B0A220C1CA8471500F3CA08 /* Fabric */ = {
			isa = PBXShellScriptBuildPhase;
			buildActionMask = 2147483647;
			files = (
			);
			inputPaths = (
			);
			name = Fabric;
			outputPaths = (
			);
			runOnlyForDeploymentPostprocessing = 0;
			shellPath = /bin/sh;
			shellScript = "\"${PODS_ROOT}/Fabric/run\" aabf87b4faa580a8f684be097a86bdb097558b41 47eb6f7d63b3013e8a8723fcf451e24c945c96f7648615e45aa9ff2b456b9e9f";
		};
		AF571BFFC9D96C8A6CA9E7DA /* Embed Pods Frameworks */ = {
			isa = PBXShellScriptBuildPhase;
			buildActionMask = 2147483647;
			files = (
			);
			inputPaths = (
			);
			name = "Embed Pods Frameworks";
			outputPaths = (
			);
			runOnlyForDeploymentPostprocessing = 0;
			shellPath = /bin/sh;
			shellScript = "\"${SRCROOT}/Pods/Target Support Files/Pods/Pods-frameworks.sh\"\n";
			showEnvVarsInLog = 0;
		};
/* End PBXShellScriptBuildPhase section */

/* Begin PBXSourcesBuildPhase section */
		5BA967AE1C98CBE700EDC126 /* Sources */ = {
			isa = PBXSourcesBuildPhase;
			buildActionMask = 2147483647;
			files = (
				5BA967E41CA080B700EDC126 /* MainViewController.swift in Sources */,
				5B674D9B1CDF235200980E60 /* MasterPlaylistDetailController.swift in Sources */,
				5B689C911CF292E60066D726 /* PlaylistDetailController.swift in Sources */,
				5B689C8F1CF28BEE0066D726 /* PlaylistController.swift in Sources */,
				B012F4251DE2C680008FCA05 /* DataController.swift in Sources */,
				5BA967B81C98CBF600EDC126 /* VocabularyViewController.swift in Sources */,
				5B5A94241CE912C7004F1581 /* FlashCardController.swift in Sources */,
				B0AC39A81DF2CD1300D591FC /* MasterStudyTableViewController.swift in Sources */,
				5BF7392C1CB9A628008C41BD /* BaseController.swift in Sources */,
				B01C5CE01DEFF7BF00307857 /* StiqueVideoPlayer.swift in Sources */,
				5BF7392A1CB9A5F1008C41BD /* FilterController.swift in Sources */,
				B01853951DF5333A00F10C0A /* PlaylistTableViewCell.swift in Sources */,
				5B8A25EC1CBC081000AFEAF8 /* LeftViewController.swift in Sources */,
				5BA9680E1CA085BC00EDC126 /* CheckoutCellView.swift in Sources */,
				5BA967B61C98CBEF00EDC126 /* AppDelegate.swift in Sources */,
				B012F4271DE6E618008FCA05 /* TabBarController.swift in Sources */,
				5BF739241CB9A12E008C41BD /* ShoppingController.swift in Sources */,
				B012F42B1DE97595008FCA05 /* NavigationController.swift in Sources */,
				5BA9682B1CA085BC00EDC126 /* SingleItemController.swift in Sources */,
				5BA9682A1CA085BC00EDC126 /* FoldingView.swift in Sources */,
				B09914901DED4D4E0028BAC9 /* MainTableViewCell.swift in Sources */,
			);
			runOnlyForDeploymentPostprocessing = 0;
		};
		5BA967C21C98CBFF00EDC126 /* Sources */ = {
			isa = PBXSourcesBuildPhase;
			buildActionMask = 2147483647;
			files = (
				5BA967CB1C98CC0000EDC126 /* StiqueTests.swift in Sources */,
			);
			runOnlyForDeploymentPostprocessing = 0;
		};
		5BA967CD1C98CC0000EDC126 /* Sources */ = {
			isa = PBXSourcesBuildPhase;
			buildActionMask = 2147483647;
			files = (
				5BA967D61C98CC0100EDC126 /* StiqueUITests.swift in Sources */,
			);
			runOnlyForDeploymentPostprocessing = 0;
		};
/* End PBXSourcesBuildPhase section */

/* Begin PBXTargetDependency section */
		5BA967C81C98CBFF00EDC126 /* PBXTargetDependency */ = {
			isa = PBXTargetDependency;
			target = 5BA967B11C98CBE700EDC126 /* Stique */;
			targetProxy = 5BA967C71C98CBFF00EDC126 /* PBXContainerItemProxy */;
		};
		5BA967D31C98CC0000EDC126 /* PBXTargetDependency */ = {
			isa = PBXTargetDependency;
			target = 5BA967B11C98CBE700EDC126 /* Stique */;
			targetProxy = 5BA967D21C98CC0000EDC126 /* PBXContainerItemProxy */;
		};
/* End PBXTargetDependency section */

/* Begin XCBuildConfiguration section */
		5BA967D81C98CC0100EDC126 /* Debug */ = {
			isa = XCBuildConfiguration;
			buildSettings = {
				ALWAYS_SEARCH_USER_PATHS = NO;
				CLANG_CXX_LANGUAGE_STANDARD = "gnu++0x";
				CLANG_CXX_LIBRARY = "libc++";
				CLANG_ENABLE_MODULES = YES;
				CLANG_ENABLE_OBJC_ARC = YES;
				CLANG_WARN_BOOL_CONVERSION = YES;
				CLANG_WARN_CONSTANT_CONVERSION = YES;
				CLANG_WARN_DIRECT_OBJC_ISA_USAGE = YES_ERROR;
				CLANG_WARN_EMPTY_BODY = YES;
				CLANG_WARN_ENUM_CONVERSION = YES;
				CLANG_WARN_INT_CONVERSION = YES;
				CLANG_WARN_OBJC_ROOT_CLASS = YES_ERROR;
				CLANG_WARN_UNREACHABLE_CODE = YES;
				CLANG_WARN__DUPLICATE_METHOD_MATCH = YES;
				"CODE_SIGN_IDENTITY[sdk=iphoneos*]" = "iPhone Developer";
				COPY_PHASE_STRIP = NO;
				DEBUG_INFORMATION_FORMAT = dwarf;
				ENABLE_STRICT_OBJC_MSGSEND = YES;
				ENABLE_TESTABILITY = YES;
				GCC_C_LANGUAGE_STANDARD = gnu99;
				GCC_DYNAMIC_NO_PIC = NO;
				GCC_NO_COMMON_BLOCKS = YES;
				GCC_OPTIMIZATION_LEVEL = 0;
				GCC_PREPROCESSOR_DEFINITIONS = (
					"DEBUG=1",
					"$(inherited)",
				);
				GCC_WARN_64_TO_32_BIT_CONVERSION = YES;
				GCC_WARN_ABOUT_RETURN_TYPE = YES_ERROR;
				GCC_WARN_UNDECLARED_SELECTOR = YES;
				GCC_WARN_UNINITIALIZED_AUTOS = YES_AGGRESSIVE;
				GCC_WARN_UNUSED_FUNCTION = YES;
				GCC_WARN_UNUSED_VARIABLE = YES;
				IPHONEOS_DEPLOYMENT_TARGET = 9.2;
				MTL_ENABLE_DEBUG_INFO = YES;
				ONLY_ACTIVE_ARCH = YES;
				SDKROOT = iphoneos;
				SWIFT_OPTIMIZATION_LEVEL = "-Onone";
				TARGETED_DEVICE_FAMILY = "1,2";
			};
			name = Debug;
		};
		5BA967D91C98CC0100EDC126 /* Release */ = {
			isa = XCBuildConfiguration;
			buildSettings = {
				ALWAYS_SEARCH_USER_PATHS = NO;
				CLANG_CXX_LANGUAGE_STANDARD = "gnu++0x";
				CLANG_CXX_LIBRARY = "libc++";
				CLANG_ENABLE_MODULES = YES;
				CLANG_ENABLE_OBJC_ARC = YES;
				CLANG_WARN_BOOL_CONVERSION = YES;
				CLANG_WARN_CONSTANT_CONVERSION = YES;
				CLANG_WARN_DIRECT_OBJC_ISA_USAGE = YES_ERROR;
				CLANG_WARN_EMPTY_BODY = YES;
				CLANG_WARN_ENUM_CONVERSION = YES;
				CLANG_WARN_INT_CONVERSION = YES;
				CLANG_WARN_OBJC_ROOT_CLASS = YES_ERROR;
				CLANG_WARN_UNREACHABLE_CODE = YES;
				CLANG_WARN__DUPLICATE_METHOD_MATCH = YES;
				"CODE_SIGN_IDENTITY[sdk=iphoneos*]" = "iPhone Developer";
				COPY_PHASE_STRIP = NO;
				DEBUG_INFORMATION_FORMAT = "dwarf-with-dsym";
				ENABLE_NS_ASSERTIONS = NO;
				ENABLE_STRICT_OBJC_MSGSEND = YES;
				GCC_C_LANGUAGE_STANDARD = gnu99;
				GCC_NO_COMMON_BLOCKS = YES;
				GCC_WARN_64_TO_32_BIT_CONVERSION = YES;
				GCC_WARN_ABOUT_RETURN_TYPE = YES_ERROR;
				GCC_WARN_UNDECLARED_SELECTOR = YES;
				GCC_WARN_UNINITIALIZED_AUTOS = YES_AGGRESSIVE;
				GCC_WARN_UNUSED_FUNCTION = YES;
				GCC_WARN_UNUSED_VARIABLE = YES;
				IPHONEOS_DEPLOYMENT_TARGET = 9.2;
				MTL_ENABLE_DEBUG_INFO = NO;
				SDKROOT = iphoneos;
				TARGETED_DEVICE_FAMILY = "1,2";
				VALIDATE_PRODUCT = YES;
			};
			name = Release;
		};
		5BA967DB1C98CC0100EDC126 /* Debug */ = {
			isa = XCBuildConfiguration;
			baseConfigurationReference = 58D3D35904F04B62401FEE6F /* Pods.debug.xcconfig */;
			buildSettings = {
				ASSETCATALOG_COMPILER_APPICON_NAME = AppIcon;
				CODE_SIGN_IDENTITY = "iPhone Developer";
				"CODE_SIGN_IDENTITY[sdk=iphoneos*]" = "iPhone Developer";
				ENABLE_BITCODE = NO;
				FRAMEWORK_SEARCH_PATHS = (
					"$(inherited)",
					"$(PROJECT_DIR)/MenuItemKit/build/Debug-iphoneos",
				);
				INFOPLIST_FILE = Stique/Info.plist;
				LD_RUNPATH_SEARCH_PATHS = "$(inherited) @executable_path/Frameworks";
				PRODUCT_BUNDLE_IDENTIFIER = stiqueApp.Stique;
				PRODUCT_NAME = "$(TARGET_NAME)";
				PROVISIONING_PROFILE = "60e349ca-c195-4057-9b77-98f65c27f252";
			};
			name = Debug;
		};
		5BA967DC1C98CC0100EDC126 /* Release */ = {
			isa = XCBuildConfiguration;
			baseConfigurationReference = 0CC7030A217AEBB824BFDE92 /* Pods.release.xcconfig */;
			buildSettings = {
				ASSETCATALOG_COMPILER_APPICON_NAME = AppIcon;
				CODE_SIGN_IDENTITY = "iPhone Developer";
				"CODE_SIGN_IDENTITY[sdk=iphoneos*]" = "iPhone Developer";
				ENABLE_BITCODE = NO;
				FRAMEWORK_SEARCH_PATHS = (
					"$(inherited)",
					"$(PROJECT_DIR)/MenuItemKit/build/Debug-iphoneos",
				);
				INFOPLIST_FILE = Stique/Info.plist;
				LD_RUNPATH_SEARCH_PATHS = "$(inherited) @executable_path/Frameworks";
				PRODUCT_BUNDLE_IDENTIFIER = stiqueApp.Stique;
				PRODUCT_NAME = "$(TARGET_NAME)";
				PROVISIONING_PROFILE = "60e349ca-c195-4057-9b77-98f65c27f252";
			};
			name = Release;
		};
		5BA967DE1C98CC0100EDC126 /* Debug */ = {
			isa = XCBuildConfiguration;
			buildSettings = {
				BUNDLE_LOADER = "$(TEST_HOST)";
				INFOPLIST_FILE = StiqueTests/Info.plist;
				LD_RUNPATH_SEARCH_PATHS = "$(inherited) @executable_path/Frameworks @loader_path/Frameworks";
				PRODUCT_BUNDLE_IDENTIFIER = stiqueApp.StiqueTests;
				PRODUCT_NAME = "$(TARGET_NAME)";
				TEST_HOST = "$(BUILT_PRODUCTS_DIR)/Stique.app/Stique";
			};
			name = Debug;
		};
		5BA967DF1C98CC0100EDC126 /* Release */ = {
			isa = XCBuildConfiguration;
			buildSettings = {
				BUNDLE_LOADER = "$(TEST_HOST)";
				INFOPLIST_FILE = StiqueTests/Info.plist;
				LD_RUNPATH_SEARCH_PATHS = "$(inherited) @executable_path/Frameworks @loader_path/Frameworks";
				PRODUCT_BUNDLE_IDENTIFIER = stiqueApp.StiqueTests;
				PRODUCT_NAME = "$(TARGET_NAME)";
				TEST_HOST = "$(BUILT_PRODUCTS_DIR)/Stique.app/Stique";
			};
			name = Release;
		};
		5BA967E11C98CC0100EDC126 /* Debug */ = {
			isa = XCBuildConfiguration;
			buildSettings = {
				INFOPLIST_FILE = StiqueUITests/Info.plist;
				LD_RUNPATH_SEARCH_PATHS = "$(inherited) @executable_path/Frameworks @loader_path/Frameworks";
				PRODUCT_BUNDLE_IDENTIFIER = stiqueApp.StiqueUITests;
				PRODUCT_NAME = "$(TARGET_NAME)";
				TEST_TARGET_NAME = Stique;
				USES_XCTRUNNER = YES;
			};
			name = Debug;
		};
		5BA967E21C98CC0100EDC126 /* Release */ = {
			isa = XCBuildConfiguration;
			buildSettings = {
				INFOPLIST_FILE = StiqueUITests/Info.plist;
				LD_RUNPATH_SEARCH_PATHS = "$(inherited) @executable_path/Frameworks @loader_path/Frameworks";
				PRODUCT_BUNDLE_IDENTIFIER = stiqueApp.StiqueUITests;
				PRODUCT_NAME = "$(TARGET_NAME)";
				TEST_TARGET_NAME = Stique;
				USES_XCTRUNNER = YES;
			};
			name = Release;
		};
/* End XCBuildConfiguration section */

/* Begin XCConfigurationList section */
		5BA967AD1C98CBE300EDC126 /* Build configuration list for PBXProject "Stique" */ = {
			isa = XCConfigurationList;
			buildConfigurations = (
				5BA967D81C98CC0100EDC126 /* Debug */,
				5BA967D91C98CC0100EDC126 /* Release */,
			);
			defaultConfigurationIsVisible = 0;
			defaultConfigurationName = Release;
		};
		5BA967DA1C98CC0100EDC126 /* Build configuration list for PBXNativeTarget "Stique" */ = {
			isa = XCConfigurationList;
			buildConfigurations = (
				5BA967DB1C98CC0100EDC126 /* Debug */,
				5BA967DC1C98CC0100EDC126 /* Release */,
			);
			defaultConfigurationIsVisible = 0;
			defaultConfigurationName = Release;
		};
		5BA967DD1C98CC0100EDC126 /* Build configuration list for PBXNativeTarget "StiqueTests" */ = {
			isa = XCConfigurationList;
			buildConfigurations = (
				5BA967DE1C98CC0100EDC126 /* Debug */,
				5BA967DF1C98CC0100EDC126 /* Release */,
			);
			defaultConfigurationIsVisible = 0;
			defaultConfigurationName = Release;
		};
		5BA967E01C98CC0100EDC126 /* Build configuration list for PBXNativeTarget "StiqueUITests" */ = {
			isa = XCConfigurationList;
			buildConfigurations = (
				5BA967E11C98CC0100EDC126 /* Debug */,
				5BA967E21C98CC0100EDC126 /* Release */,
			);
			defaultConfigurationIsVisible = 0;
			defaultConfigurationName = Release;
		};
/* End XCConfigurationList section */
	};
	rootObject = 5BA967AA1C98CBE100EDC126 /* Project object */;
}
